
Microsoft Visual Studio Solution File, Format Version 12.00
# Visual Studio 15
VisualStudioVersion = 15.0.28307.106
MinimumVisualStudioVersion = 10.0.40219.1
Project("{FAE04EC0-301F-11D3-BF4B-00C04F79EFBC}") = "eHealthWorkshopGroup4.Android", "eHealthWorkshopGroup4\eHealthWorkshopGroup4.Android\eHealthWorkshopGroup4.Android.csproj", "{24CE3C36-16B9-426D-AA0C-5961ECF8D88C}"
EndProject
Project("{9A19103F-16F7-4668-BE54-9A1E7A4F7556}") = "eHealthWorkshopGroup4", "eHealthWorkshopGroup4\eHealthWorkshopGroup4\eHealthWorkshopGroup4.csproj", "{5F06352E-BAF7-45D4-BA29-685D5C4266BB}"
EndProject
Project("{FAE04EC0-301F-11D3-BF4B-00C04F79EFBC}") = "eHealthWorkshopGroup4.UWP", "eHealthWorkshopGroup4.UWP\eHealthWorkshopGroup4.UWP.csproj", "{E919BE11-81CB-447B-BB60-FFED5F30ACB8}"
EndProject
Global
	GlobalSection(SolutionConfigurationPlatforms) = preSolution
		Debug|Any CPU = Debug|Any CPU
		Debug|ARM = Debug|ARM
		Debug|ARM64 = Debug|ARM64
		Debug|iPhone = Debug|iPhone
		Debug|iPhoneSimulator = Debug|iPhoneSimulator
		Debug|x64 = Debug|x64
		Debug|x86 = Debug|x86
		Release|Any CPU = Release|Any CPU
		Release|ARM = Release|ARM
		Release|ARM64 = Release|ARM64
		Release|iPhone = Release|iPhone
		Release|iPhoneSimulator = Release|iPhoneSimulator
		Release|x64 = Release|x64
		Release|x86 = Release|x86
	EndGlobalSection
	GlobalSection(ProjectConfigurationPlatforms) = postSolution
		{24CE3C36-16B9-426D-AA0C-5961ECF8D88C}.Debug|Any CPU.ActiveCfg = Debug|Any CPU
		{24CE3C36-16B9-426D-AA0C-5961ECF8D88C}.Debug|Any CPU.Build.0 = Debug|Any CPU
		{24CE3C36-16B9-426D-AA0C-5961ECF8D88C}.Debug|Any CPU.Deploy.0 = Debug|Any CPU
		{24CE3C36-16B9-426D-AA0C-5961ECF8D88C}.Debug|ARM.ActiveCfg = Debug|Any CPU
		{24CE3C36-16B9-426D-AA0C-5961ECF8D88C}.Debug|ARM.Build.0 = Debug|Any CPU
		{24CE3C36-16B9-426D-AA0C-5961ECF8D88C}.Debug|ARM.Deploy.0 = Debug|Any CPU
		{24CE3C36-16B9-426D-AA0C-5961ECF8D88C}.Debug|ARM64.ActiveCfg = Debug|Any CPU
		{24CE3C36-16B9-426D-AA0C-5961ECF8D88C}.Debug|ARM64.Build.0 = Debug|Any CPU
		{24CE3C36-16B9-426D-AA0C-5961ECF8D88C}.Debug|ARM64.Deploy.0 = Debug|Any CPU
		{24CE3C36-16B9-426D-AA0C-5961ECF8D88C}.Debug|iPhone.ActiveCfg = Debug|Any CPU
		{24CE3C36-16B9-426D-AA0C-5961ECF8D88C}.Debug|iPhone.Build.0 = Debug|Any CPU
		{24CE3C36-16B9-426D-AA0C-5961ECF8D88C}.Debug|iPhone.Deploy.0 = Debug|Any CPU
		{24CE3C36-16B9-426D-AA0C-5961ECF8D88C}.Debug|iPhoneSimulator.ActiveCfg = Debug|Any CPU
		{24CE3C36-16B9-426D-AA0C-5961ECF8D88C}.Debug|iPhoneSimulator.Build.0 = Debug|Any CPU
		{24CE3C36-16B9-426D-AA0C-5961ECF8D88C}.Debug|iPhoneSimulator.Deploy.0 = Debug|Any CPU
		{24CE3C36-16B9-426D-AA0C-5961ECF8D88C}.Debug|x64.ActiveCfg = Debug|Any CPU
		{24CE3C36-16B9-426D-AA0C-5961ECF8D88C}.Debug|x64.Build.0 = Debug|Any CPU
		{24CE3C36-16B9-426D-AA0C-5961ECF8D88C}.Debug|x64.Deploy.0 = Debug|Any CPU
		{24CE3C36-16B9-426D-AA0C-5961ECF8D88C}.Debug|x86.ActiveCfg = Debug|Any CPU
		{24CE3C36-16B9-426D-AA0C-5961ECF8D88C}.Debug|x86.Build.0 = Debug|Any CPU
		{24CE3C36-16B9-426D-AA0C-5961ECF8D88C}.Debug|x86.Deploy.0 = Debug|Any CPU
		{24CE3C36-16B9-426D-AA0C-5961ECF8D88C}.Release|Any CPU.ActiveCfg = Release|Any CPU
		{24CE3C36-16B9-426D-AA0C-5961ECF8D88C}.Release|Any CPU.Build.0 = Release|Any CPU
		{24CE3C36-16B9-426D-AA0C-5961ECF8D88C}.Release|Any CPU.Deploy.0 = Release|Any CPU
		{24CE3C36-16B9-426D-AA0C-5961ECF8D88C}.Release|ARM.ActiveCfg = Release|Any CPU
		{24CE3C36-16B9-426D-AA0C-5961ECF8D88C}.Release|ARM.Build.0 = Release|Any CPU
		{24CE3C36-16B9-426D-AA0C-5961ECF8D88C}.Release|ARM.Deploy.0 = Release|Any CPU
		{24CE3C36-16B9-426D-AA0C-5961ECF8D88C}.Release|ARM64.ActiveCfg = Release|Any CPU
		{24CE3C36-16B9-426D-AA0C-5961ECF8D88C}.Release|ARM64.Build.0 = Release|Any CPU
		{24CE3C36-16B9-426D-AA0C-5961ECF8D88C}.Release|ARM64.Deploy.0 = Release|Any CPU
		{24CE3C36-16B9-426D-AA0C-5961ECF8D88C}.Release|iPhone.ActiveCfg = Release|Any CPU
		{24CE3C36-16B9-426D-AA0C-5961ECF8D88C}.Release|iPhone.Build.0 = Release|Any CPU
		{24CE3C36-16B9-426D-AA0C-5961ECF8D88C}.Release|iPhone.Deploy.0 = Release|Any CPU
		{24CE3C36-16B9-426D-AA0C-5961ECF8D88C}.Release|iPhoneSimulator.ActiveCfg = Release|Any CPU
		{24CE3C36-16B9-426D-AA0C-5961ECF8D88C}.Release|iPhoneSimulator.Build.0 = Release|Any CPU
		{24CE3C36-16B9-426D-AA0C-5961ECF8D88C}.Release|iPhoneSimulator.Deploy.0 = Release|Any CPU
		{24CE3C36-16B9-426D-AA0C-5961ECF8D88C}.Release|x64.ActiveCfg = Release|Any CPU
		{24CE3C36-16B9-426D-AA0C-5961ECF8D88C}.Release|x64.Build.0 = Release|Any CPU
		{24CE3C36-16B9-426D-AA0C-5961ECF8D88C}.Release|x64.Deploy.0 = Release|Any CPU
		{24CE3C36-16B9-426D-AA0C-5961ECF8D88C}.Release|x86.ActiveCfg = Release|Any CPU
		{24CE3C36-16B9-426D-AA0C-5961ECF8D88C}.Release|x86.Build.0 = Release|Any CPU
		{24CE3C36-16B9-426D-AA0C-5961ECF8D88C}.Release|x86.Deploy.0 = Release|Any CPU
		{5F06352E-BAF7-45D4-BA29-685D5C4266BB}.Debug|Any CPU.ActiveCfg = Debug|Any CPU
		{5F06352E-BAF7-45D4-BA29-685D5C4266BB}.Debug|Any CPU.Build.0 = Debug|Any CPU
		{5F06352E-BAF7-45D4-BA29-685D5C4266BB}.Debug|Any CPU.Deploy.0 = Debug|Any CPU
		{5F06352E-BAF7-45D4-BA29-685D5C4266BB}.Debug|ARM.ActiveCfg = Debug|Any CPU
		{5F06352E-BAF7-45D4-BA29-685D5C4266BB}.Debug|ARM.Build.0 = Debug|Any CPU
		{5F06352E-BAF7-45D4-BA29-685D5C4266BB}.Debug|ARM64.ActiveCfg = Debug|Any CPU
		{5F06352E-BAF7-45D4-BA29-685D5C4266BB}.Debug|ARM64.Build.0 = Debug|Any CPU
		{5F06352E-BAF7-45D4-BA29-685D5C4266BB}.Debug|iPhone.ActiveCfg = Debug|Any CPU
		{5F06352E-BAF7-45D4-BA29-685D5C4266BB}.Debug|iPhone.Build.0 = Debug|Any CPU
		{5F06352E-BAF7-45D4-BA29-685D5C4266BB}.Debug|iPhone.Deploy.0 = Debug|Any CPU
		{5F06352E-BAF7-45D4-BA29-685D5C4266BB}.Debug|iPhoneSimulator.ActiveCfg = Debug|Any CPU
		{5F06352E-BAF7-45D4-BA29-685D5C4266BB}.Debug|iPhoneSimulator.Build.0 = Debug|Any CPU
		{5F06352E-BAF7-45D4-BA29-685D5C4266BB}.Debug|iPhoneSimulator.Deploy.0 = Debug|Any CPU
		{5F06352E-BAF7-45D4-BA29-685D5C4266BB}.Debug|x64.ActiveCfg = Debug|Any CPU
		{5F06352E-BAF7-45D4-BA29-685D5C4266BB}.Debug|x64.Build.0 = Debug|Any CPU
		{5F06352E-BAF7-45D4-BA29-685D5C4266BB}.Debug|x86.ActiveCfg = Debug|Any CPU
		{5F06352E-BAF7-45D4-BA29-685D5C4266BB}.Debug|x86.Build.0 = Debug|Any CPU
		{5F06352E-BAF7-45D4-BA29-685D5C4266BB}.Release|Any CPU.ActiveCfg = Release|Any CPU
		{5F06352E-BAF7-45D4-BA29-685D5C4266BB}.Release|Any CPU.Build.0 = Release|Any CPU
		{5F06352E-BAF7-45D4-BA29-685D5C4266BB}.Release|Any CPU.Deploy.0 = Release|Any CPU
		{5F06352E-BAF7-45D4-BA29-685D5C4266BB}.Release|ARM.ActiveCfg = Release|Any CPU
		{5F06352E-BAF7-45D4-BA29-685D5C4266BB}.Release|ARM.Build.0 = Release|Any CPU
		{5F06352E-BAF7-45D4-BA29-685D5C4266BB}.Release|ARM64.ActiveCfg = Release|Any CPU
		{5F06352E-BAF7-45D4-BA29-685D5C4266BB}.Release|ARM64.Build.0 = Release|Any CPU
		{5F06352E-BAF7-45D4-BA29-685D5C4266BB}.Release|iPhone.ActiveCfg = Release|Any CPU
		{5F06352E-BAF7-45D4-BA29-685D5C4266BB}.Release|iPhone.Build.0 = Release|Any CPU
		{5F06352E-BAF7-45D4-BA29-685D5C4266BB}.Release|iPhone.Deploy.0 = Release|Any CPU
		{5F06352E-BAF7-45D4-BA29-685D5C4266BB}.Release|iPhoneSimulator.ActiveCfg = Release|Any CPU
		{5F06352E-BAF7-45D4-BA29-685D5C4266BB}.Release|iPhoneSimulator.Build.0 = Release|Any CPU
		{5F06352E-BAF7-45D4-BA29-685D5C4266BB}.Release|iPhoneSimulator.Deploy.0 = Release|Any CPU
		{5F06352E-BAF7-45D4-BA29-685D5C4266BB}.Release|x64.ActiveCfg = Release|Any CPU
		{5F06352E-BAF7-45D4-BA29-685D5C4266BB}.Release|x64.Build.0 = Release|Any CPU
		{5F06352E-BAF7-45D4-BA29-685D5C4266BB}.Release|x86.ActiveCfg = Release|Any CPU
		{5F06352E-BAF7-45D4-BA29-685D5C4266BB}.Release|x86.Build.0 = Release|Any CPU
		{E919BE11-81CB-447B-BB60-FFED5F30ACB8}.Debug|Any CPU.ActiveCfg = Debug|x86
		{E919BE11-81CB-447B-BB60-FFED5F30ACB8}.Debug|ARM.ActiveCfg = Debug|ARM
		{E919BE11-81CB-447B-BB60-FFED5F30ACB8}.Debug|ARM.Build.0 = Debug|ARM
		{E919BE11-81CB-447B-BB60-FFED5F30ACB8}.Debug|ARM.Deploy.0 = Debug|ARM
		{E919BE11-81CB-447B-BB60-FFED5F30ACB8}.Debug|ARM64.ActiveCfg = Debug|ARM64
		{E919BE11-81CB-447B-BB60-FFED5F30ACB8}.Debug|ARM64.Build.0 = Debug|ARM64
		{E919BE11-81CB-447B-BB60-FFED5F30ACB8}.Debug|ARM64.Deploy.0 = Debug|ARM64
		{E919BE11-81CB-447B-BB60-FFED5F30ACB8}.Debug|iPhone.ActiveCfg = Debug|x86
		{E919BE11-81CB-447B-BB60-FFED5F30ACB8}.Debug|iPhoneSimulator.ActiveCfg = Debug|x86
		{E919BE11-81CB-447B-BB60-FFED5F30ACB8}.Debug|x64.ActiveCfg = Debug|x64
		{E919BE11-81CB-447B-BB60-FFED5F30ACB8}.Debug|x64.Build.0 = Debug|x64
		{E919BE11-81CB-447B-BB60-FFED5F30ACB8}.Debug|x64.Deploy.0 = Debug|x64
		{E919BE11-81CB-447B-BB60-FFED5F30ACB8}.Debug|x86.ActiveCfg = Debug|x86
		{E919BE11-81CB-447B-BB60-FFED5F30ACB8}.Debug|x86.Build.0 = Debug|x86
		{E919BE11-81CB-447B-BB60-FFED5F30ACB8}.Debug|x86.Deploy.0 = Debug|x86
		{E919BE11-81CB-447B-BB60-FFED5F30ACB8}.Release|Any CPU.ActiveCfg = Release|x86
		{E919BE11-81CB-447B-BB60-FFED5F30ACB8}.Release|Any CPU.Build.0 = Release|x86
		{E919BE11-81CB-447B-BB60-FFED5F30ACB8}.Release|Any CPU.Deploy.0 = Release|x86
		{E919BE11-81CB-447B-BB60-FFED5F30ACB8}.Release|ARM.ActiveCfg = Release|ARM
		{E919BE11-81CB-447B-BB60-FFED5F30ACB8}.Release|ARM.Build.0 = Release|ARM
		{E919BE11-81CB-447B-BB60-FFED5F30ACB8}.Release|ARM.Deploy.0 = Release|ARM
		{E919BE11-81CB-447B-BB60-FFED5F30ACB8}.Release|ARM64.ActiveCfg = Release|ARM64
		{E919BE11-81CB-447B-BB60-FFED5F30ACB8}.Release|ARM64.Build.0 = Release|ARM64
		{E919BE11-81CB-447B-BB60-FFED5F30ACB8}.Release|ARM64.Deploy.0 = Release|ARM64
		{E919BE11-81CB-447B-BB60-FFED5F30ACB8}.Release|iPhone.ActiveCfg = Release|x86
		{E919BE11-81CB-447B-BB60-FFED5F30ACB8}.Release|iPhoneSimulator.ActiveCfg = Release|x86
		{E919BE11-81CB-447B-BB60-FFED5F30ACB8}.Release|x64.ActiveCfg = Release|x64
		{E919BE11-81CB-447B-BB60-FFED5F30ACB8}.Release|x64.Build.0 = Release|x64
		{E919BE11-81CB-447B-BB60-FFED5F30ACB8}.Release|x64.Deploy.0 = Release|x64
		{E919BE11-81CB-447B-BB60-FFED5F30ACB8}.Release|x86.ActiveCfg = Release|x86
		{E919BE11-81CB-447B-BB60-FFED5F30ACB8}.Release|x86.Build.0 = Release|x86
		{E919BE11-81CB-447B-BB60-FFED5F30ACB8}.Release|x86.Deploy.0 = Release|x86
	EndGlobalSection
	GlobalSection(SolutionProperties) = preSolution
		HideSolutionNode = FALSE
	EndGlobalSection
	GlobalSection(ExtensibilityGlobals) = postSolution
		SolutionGuid = {E53FE751-16E8-490B-9076-240EE8379A86}
	EndGlobalSection
EndGlobal
