
Microsoft Visual Studio Solution File, Format Version 12.00
# Visual Studio 15
VisualStudioVersion = 15.0.28307.136
MinimumVisualStudioVersion = 10.0.40219.1
Project("{FAE04EC0-301F-11D3-BF4B-00C04F79EFBC}") = "SignBuzz.Android", "SignBuzz\SignBuzz.Android\SignBuzz.Android.csproj", "{E05B8D87-1A79-4309-AA2E-839F7D3C2098}"
EndProject
Project("{FAE04EC0-301F-11D3-BF4B-00C04F79EFBC}") = "SignBuzz.iOS", "SignBuzz\SignBuzz.iOS\SignBuzz.iOS.csproj", "{B018434F-1F92-46F9-9973-09312BC03CC9}"
EndProject
Project("{FAE04EC0-301F-11D3-BF4B-00C04F79EFBC}") = "SignBuzz", "SignBuzz\SignBuzz\SignBuzz.csproj", "{2AF69BBE-870D-4426-B1B3-A7921CC22E50}"
EndProject
Project("{2150E333-8FDC-42A3-9474-1A3956D46DE8}") = "Solution Items", "Solution Items", "{3056E232-6EF7-45B4-915C-6D38981E3B7D}"
	ProjectSection(SolutionItems) = preProject
		.gitignore = .gitignore
	EndProjectSection
EndProject
Global
	GlobalSection(SolutionConfigurationPlatforms) = preSolution
		Ad-Hoc|Any CPU = Ad-Hoc|Any CPU
		Ad-Hoc|iPhone = Ad-Hoc|iPhone
		Ad-Hoc|iPhoneSimulator = Ad-Hoc|iPhoneSimulator
		AppStore|Any CPU = AppStore|Any CPU
		AppStore|iPhone = AppStore|iPhone
		AppStore|iPhoneSimulator = AppStore|iPhoneSimulator
		Debug|Any CPU = Debug|Any CPU
		Debug|iPhone = Debug|iPhone
		Debug|iPhoneSimulator = Debug|iPhoneSimulator
		Release|Any CPU = Release|Any CPU
		Release|iPhone = Release|iPhone
		Release|iPhoneSimulator = Release|iPhoneSimulator
	EndGlobalSection
	GlobalSection(ProjectConfigurationPlatforms) = postSolution
		{E05B8D87-1A79-4309-AA2E-839F7D3C2098}.Ad-Hoc|Any CPU.ActiveCfg = Release|Any CPU
		{E05B8D87-1A79-4309-AA2E-839F7D3C2098}.Ad-Hoc|Any CPU.Build.0 = Release|Any CPU
		{E05B8D87-1A79-4309-AA2E-839F7D3C2098}.Ad-Hoc|Any CPU.Deploy.0 = Release|Any CPU
		{E05B8D87-1A79-4309-AA2E-839F7D3C2098}.Ad-Hoc|iPhone.ActiveCfg = Release|Any CPU
		{E05B8D87-1A79-4309-AA2E-839F7D3C2098}.Ad-Hoc|iPhone.Build.0 = Release|Any CPU
		{E05B8D87-1A79-4309-AA2E-839F7D3C2098}.Ad-Hoc|iPhone.Deploy.0 = Release|Any CPU
		{E05B8D87-1A79-4309-AA2E-839F7D3C2098}.Ad-Hoc|iPhoneSimulator.ActiveCfg = Release|Any CPU
		{E05B8D87-1A79-4309-AA2E-839F7D3C2098}.Ad-Hoc|iPhoneSimulator.Build.0 = Release|Any CPU
		{E05B8D87-1A79-4309-AA2E-839F7D3C2098}.Ad-Hoc|iPhoneSimulator.Deploy.0 = Release|Any CPU
		{E05B8D87-1A79-4309-AA2E-839F7D3C2098}.AppStore|Any CPU.ActiveCfg = Release|Any CPU
		{E05B8D87-1A79-4309-AA2E-839F7D3C2098}.AppStore|Any CPU.Build.0 = Release|Any CPU
		{E05B8D87-1A79-4309-AA2E-839F7D3C2098}.AppStore|Any CPU.Deploy.0 = Release|Any CPU
		{E05B8D87-1A79-4309-AA2E-839F7D3C2098}.AppStore|iPhone.ActiveCfg = Release|Any CPU
		{E05B8D87-1A79-4309-AA2E-839F7D3C2098}.AppStore|iPhone.Build.0 = Release|Any CPU
		{E05B8D87-1A79-4309-AA2E-839F7D3C2098}.AppStore|iPhone.Deploy.0 = Release|Any CPU
		{E05B8D87-1A79-4309-AA2E-839F7D3C2098}.AppStore|iPhoneSimulator.ActiveCfg = Release|Any CPU
		{E05B8D87-1A79-4309-AA2E-839F7D3C2098}.AppStore|iPhoneSimulator.Build.0 = Release|Any CPU
		{E05B8D87-1A79-4309-AA2E-839F7D3C2098}.AppStore|iPhoneSimulator.Deploy.0 = Release|Any CPU
		{E05B8D87-1A79-4309-AA2E-839F7D3C2098}.Debug|Any CPU.ActiveCfg = Debug|Any CPU
		{E05B8D87-1A79-4309-AA2E-839F7D3C2098}.Debug|Any CPU.Build.0 = Debug|Any CPU
		{E05B8D87-1A79-4309-AA2E-839F7D3C2098}.Debug|Any CPU.Deploy.0 = Debug|Any CPU
		{E05B8D87-1A79-4309-AA2E-839F7D3C2098}.Debug|iPhone.ActiveCfg = Debug|Any CPU
		{E05B8D87-1A79-4309-AA2E-839F7D3C2098}.Debug|iPhone.Build.0 = Debug|Any CPU
		{E05B8D87-1A79-4309-AA2E-839F7D3C2098}.Debug|iPhone.Deploy.0 = Debug|Any CPU
		{E05B8D87-1A79-4309-AA2E-839F7D3C2098}.Debug|iPhoneSimulator.ActiveCfg = Debug|Any CPU
		{E05B8D87-1A79-4309-AA2E-839F7D3C2098}.Debug|iPhoneSimulator.Build.0 = Debug|Any CPU
		{E05B8D87-1A79-4309-AA2E-839F7D3C2098}.Debug|iPhoneSimulator.Deploy.0 = Debug|Any CPU
		{E05B8D87-1A79-4309-AA2E-839F7D3C2098}.Release|Any CPU.ActiveCfg = Release|Any CPU
		{E05B8D87-1A79-4309-AA2E-839F7D3C2098}.Release|Any CPU.Build.0 = Release|Any CPU
		{E05B8D87-1A79-4309-AA2E-839F7D3C2098}.Release|Any CPU.Deploy.0 = Release|Any CPU
		{E05B8D87-1A79-4309-AA2E-839F7D3C2098}.Release|iPhone.ActiveCfg = Release|Any CPU
		{E05B8D87-1A79-4309-AA2E-839F7D3C2098}.Release|iPhone.Build.0 = Release|Any CPU
		{E05B8D87-1A79-4309-AA2E-839F7D3C2098}.Release|iPhone.Deploy.0 = Release|Any CPU
		{E05B8D87-1A79-4309-AA2E-839F7D3C2098}.Release|iPhoneSimulator.ActiveCfg = Release|Any CPU
		{E05B8D87-1A79-4309-AA2E-839F7D3C2098}.Release|iPhoneSimulator.Build.0 = Release|Any CPU
		{E05B8D87-1A79-4309-AA2E-839F7D3C2098}.Release|iPhoneSimulator.Deploy.0 = Release|Any CPU
		{B018434F-1F92-46F9-9973-09312BC03CC9}.Ad-Hoc|Any CPU.ActiveCfg = Ad-Hoc|iPhone
		{B018434F-1F92-46F9-9973-09312BC03CC9}.Ad-Hoc|Any CPU.Build.0 = Ad-Hoc|iPhone
		{B018434F-1F92-46F9-9973-09312BC03CC9}.Ad-Hoc|Any CPU.Deploy.0 = Ad-Hoc|iPhone
		{B018434F-1F92-46F9-9973-09312BC03CC9}.Ad-Hoc|iPhone.ActiveCfg = Ad-Hoc|iPhone
		{B018434F-1F92-46F9-9973-09312BC03CC9}.Ad-Hoc|iPhone.Build.0 = Ad-Hoc|iPhone
		{B018434F-1F92-46F9-9973-09312BC03CC9}.Ad-Hoc|iPhone.Deploy.0 = Ad-Hoc|iPhone
		{B018434F-1F92-46F9-9973-09312BC03CC9}.Ad-Hoc|iPhoneSimulator.ActiveCfg = Ad-Hoc|iPhoneSimulator
		{B018434F-1F92-46F9-9973-09312BC03CC9}.Ad-Hoc|iPhoneSimulator.Build.0 = Ad-Hoc|iPhoneSimulator
		{B018434F-1F92-46F9-9973-09312BC03CC9}.Ad-Hoc|iPhoneSimulator.Deploy.0 = Ad-Hoc|iPhoneSimulator
		{B018434F-1F92-46F9-9973-09312BC03CC9}.AppStore|Any CPU.ActiveCfg = AppStore|iPhone
		{B018434F-1F92-46F9-9973-09312BC03CC9}.AppStore|Any CPU.Build.0 = AppStore|iPhone
		{B018434F-1F92-46F9-9973-09312BC03CC9}.AppStore|Any CPU.Deploy.0 = AppStore|iPhone
		{B018434F-1F92-46F9-9973-09312BC03CC9}.AppStore|iPhone.ActiveCfg = AppStore|iPhone
		{B018434F-1F92-46F9-9973-09312BC03CC9}.AppStore|iPhone.Build.0 = AppStore|iPhone
		{B018434F-1F92-46F9-9973-09312BC03CC9}.AppStore|iPhone.Deploy.0 = AppStore|iPhone
		{B018434F-1F92-46F9-9973-09312BC03CC9}.AppStore|iPhoneSimulator.ActiveCfg = AppStore|iPhoneSimulator
		{B018434F-1F92-46F9-9973-09312BC03CC9}.AppStore|iPhoneSimulator.Build.0 = AppStore|iPhoneSimulator
		{B018434F-1F92-46F9-9973-09312BC03CC9}.AppStore|iPhoneSimulator.Deploy.0 = AppStore|iPhoneSimulator
		{B018434F-1F92-46F9-9973-09312BC03CC9}.Debug|Any CPU.ActiveCfg = Debug|iPhoneSimulator
		{B018434F-1F92-46F9-9973-09312BC03CC9}.Debug|Any CPU.Build.0 = Debug|iPhoneSimulator
		{B018434F-1F92-46F9-9973-09312BC03CC9}.Debug|Any CPU.Deploy.0 = Debug|iPhoneSimulator
		{B018434F-1F92-46F9-9973-09312BC03CC9}.Debug|iPhone.ActiveCfg = Debug|iPhone
		{B018434F-1F92-46F9-9973-09312BC03CC9}.Debug|iPhone.Build.0 = Debug|iPhone
		{B018434F-1F92-46F9-9973-09312BC03CC9}.Debug|iPhone.Deploy.0 = Debug|iPhone
		{B018434F-1F92-46F9-9973-09312BC03CC9}.Debug|iPhoneSimulator.ActiveCfg = Debug|iPhoneSimulator
		{B018434F-1F92-46F9-9973-09312BC03CC9}.Debug|iPhoneSimulator.Build.0 = Debug|iPhoneSimulator
		{B018434F-1F92-46F9-9973-09312BC03CC9}.Debug|iPhoneSimulator.Deploy.0 = Debug|iPhoneSimulator
		{B018434F-1F92-46F9-9973-09312BC03CC9}.Release|Any CPU.ActiveCfg = Release|iPhone
		{B018434F-1F92-46F9-9973-09312BC03CC9}.Release|Any CPU.Build.0 = Release|iPhone
		{B018434F-1F92-46F9-9973-09312BC03CC9}.Release|Any CPU.Deploy.0 = Release|iPhone
		{B018434F-1F92-46F9-9973-09312BC03CC9}.Release|iPhone.ActiveCfg = Release|iPhone
		{B018434F-1F92-46F9-9973-09312BC03CC9}.Release|iPhone.Build.0 = Release|iPhone
		{B018434F-1F92-46F9-9973-09312BC03CC9}.Release|iPhone.Deploy.0 = Release|iPhone
		{B018434F-1F92-46F9-9973-09312BC03CC9}.Release|iPhoneSimulator.ActiveCfg = Release|iPhoneSimulator
		{B018434F-1F92-46F9-9973-09312BC03CC9}.Release|iPhoneSimulator.Build.0 = Release|iPhoneSimulator
		{B018434F-1F92-46F9-9973-09312BC03CC9}.Release|iPhoneSimulator.Deploy.0 = Release|iPhoneSimulator
		{2AF69BBE-870D-4426-B1B3-A7921CC22E50}.Ad-Hoc|Any CPU.ActiveCfg = Debug|Any CPU
		{2AF69BBE-870D-4426-B1B3-A7921CC22E50}.Ad-Hoc|Any CPU.Build.0 = Debug|Any CPU
		{2AF69BBE-870D-4426-B1B3-A7921CC22E50}.Ad-Hoc|Any CPU.Deploy.0 = Debug|Any CPU
		{2AF69BBE-870D-4426-B1B3-A7921CC22E50}.Ad-Hoc|iPhone.ActiveCfg = Debug|Any CPU
		{2AF69BBE-870D-4426-B1B3-A7921CC22E50}.Ad-Hoc|iPhone.Build.0 = Debug|Any CPU
		{2AF69BBE-870D-4426-B1B3-A7921CC22E50}.Ad-Hoc|iPhone.Deploy.0 = Debug|Any CPU
		{2AF69BBE-870D-4426-B1B3-A7921CC22E50}.Ad-Hoc|iPhoneSimulator.ActiveCfg = Debug|Any CPU
		{2AF69BBE-870D-4426-B1B3-A7921CC22E50}.Ad-Hoc|iPhoneSimulator.Build.0 = Debug|Any CPU
		{2AF69BBE-870D-4426-B1B3-A7921CC22E50}.Ad-Hoc|iPhoneSimulator.Deploy.0 = Debug|Any CPU
		{2AF69BBE-870D-4426-B1B3-A7921CC22E50}.AppStore|Any CPU.ActiveCfg = Debug|Any CPU
		{2AF69BBE-870D-4426-B1B3-A7921CC22E50}.AppStore|Any CPU.Build.0 = Debug|Any CPU
		{2AF69BBE-870D-4426-B1B3-A7921CC22E50}.AppStore|Any CPU.Deploy.0 = Debug|Any CPU
		{2AF69BBE-870D-4426-B1B3-A7921CC22E50}.AppStore|iPhone.ActiveCfg = Debug|Any CPU
		{2AF69BBE-870D-4426-B1B3-A7921CC22E50}.AppStore|iPhone.Build.0 = Debug|Any CPU
		{2AF69BBE-870D-4426-B1B3-A7921CC22E50}.AppStore|iPhone.Deploy.0 = Debug|Any CPU
		{2AF69BBE-870D-4426-B1B3-A7921CC22E50}.AppStore|iPhoneSimulator.ActiveCfg = Debug|Any CPU
		{2AF69BBE-870D-4426-B1B3-A7921CC22E50}.AppStore|iPhoneSimulator.Build.0 = Debug|Any CPU
		{2AF69BBE-870D-4426-B1B3-A7921CC22E50}.AppStore|iPhoneSimulator.Deploy.0 = Debug|Any CPU
		{2AF69BBE-870D-4426-B1B3-A7921CC22E50}.Debug|Any CPU.ActiveCfg = Debug|Any CPU
		{2AF69BBE-870D-4426-B1B3-A7921CC22E50}.Debug|Any CPU.Build.0 = Debug|Any CPU
		{2AF69BBE-870D-4426-B1B3-A7921CC22E50}.Debug|Any CPU.Deploy.0 = Debug|Any CPU
		{2AF69BBE-870D-4426-B1B3-A7921CC22E50}.Debug|iPhone.ActiveCfg = Debug|Any CPU
		{2AF69BBE-870D-4426-B1B3-A7921CC22E50}.Debug|iPhone.Build.0 = Debug|Any CPU
		{2AF69BBE-870D-4426-B1B3-A7921CC22E50}.Debug|iPhone.Deploy.0 = Debug|Any CPU
		{2AF69BBE-870D-4426-B1B3-A7921CC22E50}.Debug|iPhoneSimulator.ActiveCfg = Debug|Any CPU
		{2AF69BBE-870D-4426-B1B3-A7921CC22E50}.Debug|iPhoneSimulator.Build.0 = Debug|Any CPU
		{2AF69BBE-870D-4426-B1B3-A7921CC22E50}.Debug|iPhoneSimulator.Deploy.0 = Debug|Any CPU
		{2AF69BBE-870D-4426-B1B3-A7921CC22E50}.Release|Any CPU.ActiveCfg = Release|Any CPU
		{2AF69BBE-870D-4426-B1B3-A7921CC22E50}.Release|Any CPU.Build.0 = Release|Any CPU
		{2AF69BBE-870D-4426-B1B3-A7921CC22E50}.Release|Any CPU.Deploy.0 = Release|Any CPU
		{2AF69BBE-870D-4426-B1B3-A7921CC22E50}.Release|iPhone.ActiveCfg = Release|Any CPU
		{2AF69BBE-870D-4426-B1B3-A7921CC22E50}.Release|iPhone.Build.0 = Release|Any CPU
		{2AF69BBE-870D-4426-B1B3-A7921CC22E50}.Release|iPhone.Deploy.0 = Release|Any CPU
		{2AF69BBE-870D-4426-B1B3-A7921CC22E50}.Release|iPhoneSimulator.ActiveCfg = Release|Any CPU
		{2AF69BBE-870D-4426-B1B3-A7921CC22E50}.Release|iPhoneSimulator.Build.0 = Release|Any CPU
		{2AF69BBE-870D-4426-B1B3-A7921CC22E50}.Release|iPhoneSimulator.Deploy.0 = Release|Any CPU
	EndGlobalSection
	GlobalSection(SolutionProperties) = preSolution
		HideSolutionNode = FALSE
	EndGlobalSection
	GlobalSection(ExtensibilityGlobals) = postSolution
		SolutionGuid = {E0C98268-CA0E-43B2-B6B9-C7053EA5C86F}
	EndGlobalSection
EndGlobal
