
Microsoft Visual Studio Solution File, Format Version 12.00
# Visual Studio 15
VisualStudioVersion = 15.0.28307.102
MinimumVisualStudioVersion = 10.0.40219.1
Project("{FAE04EC0-301F-11D3-BF4B-00C04F79EFBC}") = "SleepItOff.Android", "SleepItOff\SleepItOff.Android\SleepItOff.Android.csproj", "{3022D5F0-E786-4205-B682-505F853E6690}"
EndProject
Project("{FAE04EC0-301F-11D3-BF4B-00C04F79EFBC}") = "SleepItOff.iOS", "SleepItOff\SleepItOff.iOS\SleepItOff.iOS.csproj", "{62EDFF3D-2B5D-4AC7-AB5C-DA76FE988826}"
EndProject
Project("{FAE04EC0-301F-11D3-BF4B-00C04F79EFBC}") = "SleepItOff.UWP", "SleepItOff\SleepItOff.UWP\SleepItOff.UWP.csproj", "{82A9EB6B-7AFE-4E13-AC0C-24B6B4C637EF}"
EndProject
Project("{9A19103F-16F7-4668-BE54-9A1E7A4F7556}") = "SleepItOff", "SleepItOff\SleepItOff\SleepItOff.csproj", "{185BFD2D-179C-4414-8F71-1125F49215FB}"
EndProject
Project("{FAE04EC0-301F-11D3-BF4B-00C04F79EFBC}") = "SleepItOffDBFunction", "SleepItOffDBFunction\SleepItOffDBFunction.csproj", "{625D80A4-2567-4BA6-919F-BA669799D02D}"
EndProject
Global
	GlobalSection(SolutionConfigurationPlatforms) = preSolution
		Ad-Hoc|Any CPU = Ad-Hoc|Any CPU
		Ad-Hoc|ARM = Ad-Hoc|ARM
		Ad-Hoc|iPhone = Ad-Hoc|iPhone
		Ad-Hoc|iPhoneSimulator = Ad-Hoc|iPhoneSimulator
		Ad-Hoc|x64 = Ad-Hoc|x64
		Ad-Hoc|x86 = Ad-Hoc|x86
		AppStore|Any CPU = AppStore|Any CPU
		AppStore|ARM = AppStore|ARM
		AppStore|iPhone = AppStore|iPhone
		AppStore|iPhoneSimulator = AppStore|iPhoneSimulator
		AppStore|x64 = AppStore|x64
		AppStore|x86 = AppStore|x86
		Debug|Any CPU = Debug|Any CPU
		Debug|ARM = Debug|ARM
		Debug|iPhone = Debug|iPhone
		Debug|iPhoneSimulator = Debug|iPhoneSimulator
		Debug|x64 = Debug|x64
		Debug|x86 = Debug|x86
		Release|Any CPU = Release|Any CPU
		Release|ARM = Release|ARM
		Release|iPhone = Release|iPhone
		Release|iPhoneSimulator = Release|iPhoneSimulator
		Release|x64 = Release|x64
		Release|x86 = Release|x86
	EndGlobalSection
	GlobalSection(ProjectConfigurationPlatforms) = postSolution
		{3022D5F0-E786-4205-B682-505F853E6690}.Ad-Hoc|Any CPU.ActiveCfg = Release|Any CPU
		{3022D5F0-E786-4205-B682-505F853E6690}.Ad-Hoc|Any CPU.Build.0 = Release|Any CPU
		{3022D5F0-E786-4205-B682-505F853E6690}.Ad-Hoc|Any CPU.Deploy.0 = Release|Any CPU
		{3022D5F0-E786-4205-B682-505F853E6690}.Ad-Hoc|ARM.ActiveCfg = Release|Any CPU
		{3022D5F0-E786-4205-B682-505F853E6690}.Ad-Hoc|ARM.Build.0 = Release|Any CPU
		{3022D5F0-E786-4205-B682-505F853E6690}.Ad-Hoc|ARM.Deploy.0 = Release|Any CPU
		{3022D5F0-E786-4205-B682-505F853E6690}.Ad-Hoc|iPhone.ActiveCfg = Release|Any CPU
		{3022D5F0-E786-4205-B682-505F853E6690}.Ad-Hoc|iPhone.Build.0 = Release|Any CPU
		{3022D5F0-E786-4205-B682-505F853E6690}.Ad-Hoc|iPhone.Deploy.0 = Release|Any CPU
		{3022D5F0-E786-4205-B682-505F853E6690}.Ad-Hoc|iPhoneSimulator.ActiveCfg = Release|Any CPU
		{3022D5F0-E786-4205-B682-505F853E6690}.Ad-Hoc|iPhoneSimulator.Build.0 = Release|Any CPU
		{3022D5F0-E786-4205-B682-505F853E6690}.Ad-Hoc|iPhoneSimulator.Deploy.0 = Release|Any CPU
		{3022D5F0-E786-4205-B682-505F853E6690}.Ad-Hoc|x64.ActiveCfg = Release|Any CPU
		{3022D5F0-E786-4205-B682-505F853E6690}.Ad-Hoc|x64.Build.0 = Release|Any CPU
		{3022D5F0-E786-4205-B682-505F853E6690}.Ad-Hoc|x64.Deploy.0 = Release|Any CPU
		{3022D5F0-E786-4205-B682-505F853E6690}.Ad-Hoc|x86.ActiveCfg = Release|Any CPU
		{3022D5F0-E786-4205-B682-505F853E6690}.Ad-Hoc|x86.Build.0 = Release|Any CPU
		{3022D5F0-E786-4205-B682-505F853E6690}.Ad-Hoc|x86.Deploy.0 = Release|Any CPU
		{3022D5F0-E786-4205-B682-505F853E6690}.AppStore|Any CPU.ActiveCfg = Release|Any CPU
		{3022D5F0-E786-4205-B682-505F853E6690}.AppStore|Any CPU.Build.0 = Release|Any CPU
		{3022D5F0-E786-4205-B682-505F853E6690}.AppStore|Any CPU.Deploy.0 = Release|Any CPU
		{3022D5F0-E786-4205-B682-505F853E6690}.AppStore|ARM.ActiveCfg = Release|Any CPU
		{3022D5F0-E786-4205-B682-505F853E6690}.AppStore|ARM.Build.0 = Release|Any CPU
		{3022D5F0-E786-4205-B682-505F853E6690}.AppStore|ARM.Deploy.0 = Release|Any CPU
		{3022D5F0-E786-4205-B682-505F853E6690}.AppStore|iPhone.ActiveCfg = Release|Any CPU
		{3022D5F0-E786-4205-B682-505F853E6690}.AppStore|iPhone.Build.0 = Release|Any CPU
		{3022D5F0-E786-4205-B682-505F853E6690}.AppStore|iPhone.Deploy.0 = Release|Any CPU
		{3022D5F0-E786-4205-B682-505F853E6690}.AppStore|iPhoneSimulator.ActiveCfg = Release|Any CPU
		{3022D5F0-E786-4205-B682-505F853E6690}.AppStore|iPhoneSimulator.Build.0 = Release|Any CPU
		{3022D5F0-E786-4205-B682-505F853E6690}.AppStore|iPhoneSimulator.Deploy.0 = Release|Any CPU
		{3022D5F0-E786-4205-B682-505F853E6690}.AppStore|x64.ActiveCfg = Release|Any CPU
		{3022D5F0-E786-4205-B682-505F853E6690}.AppStore|x64.Build.0 = Release|Any CPU
		{3022D5F0-E786-4205-B682-505F853E6690}.AppStore|x64.Deploy.0 = Release|Any CPU
		{3022D5F0-E786-4205-B682-505F853E6690}.AppStore|x86.ActiveCfg = Release|Any CPU
		{3022D5F0-E786-4205-B682-505F853E6690}.AppStore|x86.Build.0 = Release|Any CPU
		{3022D5F0-E786-4205-B682-505F853E6690}.AppStore|x86.Deploy.0 = Release|Any CPU
		{3022D5F0-E786-4205-B682-505F853E6690}.Debug|Any CPU.ActiveCfg = Debug|Any CPU
		{3022D5F0-E786-4205-B682-505F853E6690}.Debug|Any CPU.Build.0 = Debug|Any CPU
		{3022D5F0-E786-4205-B682-505F853E6690}.Debug|Any CPU.Deploy.0 = Debug|Any CPU
		{3022D5F0-E786-4205-B682-505F853E6690}.Debug|ARM.ActiveCfg = Debug|Any CPU
		{3022D5F0-E786-4205-B682-505F853E6690}.Debug|ARM.Build.0 = Debug|Any CPU
		{3022D5F0-E786-4205-B682-505F853E6690}.Debug|ARM.Deploy.0 = Debug|Any CPU
		{3022D5F0-E786-4205-B682-505F853E6690}.Debug|iPhone.ActiveCfg = Debug|Any CPU
		{3022D5F0-E786-4205-B682-505F853E6690}.Debug|iPhone.Build.0 = Debug|Any CPU
		{3022D5F0-E786-4205-B682-505F853E6690}.Debug|iPhone.Deploy.0 = Debug|Any CPU
		{3022D5F0-E786-4205-B682-505F853E6690}.Debug|iPhoneSimulator.ActiveCfg = Debug|Any CPU
		{3022D5F0-E786-4205-B682-505F853E6690}.Debug|iPhoneSimulator.Build.0 = Debug|Any CPU
		{3022D5F0-E786-4205-B682-505F853E6690}.Debug|iPhoneSimulator.Deploy.0 = Debug|Any CPU
		{3022D5F0-E786-4205-B682-505F853E6690}.Debug|x64.ActiveCfg = Debug|Any CPU
		{3022D5F0-E786-4205-B682-505F853E6690}.Debug|x64.Build.0 = Debug|Any CPU
		{3022D5F0-E786-4205-B682-505F853E6690}.Debug|x64.Deploy.0 = Debug|Any CPU
		{3022D5F0-E786-4205-B682-505F853E6690}.Debug|x86.ActiveCfg = Debug|Any CPU
		{3022D5F0-E786-4205-B682-505F853E6690}.Debug|x86.Build.0 = Debug|Any CPU
		{3022D5F0-E786-4205-B682-505F853E6690}.Debug|x86.Deploy.0 = Debug|Any CPU
		{3022D5F0-E786-4205-B682-505F853E6690}.Release|Any CPU.ActiveCfg = Release|Any CPU
		{3022D5F0-E786-4205-B682-505F853E6690}.Release|Any CPU.Build.0 = Release|Any CPU
		{3022D5F0-E786-4205-B682-505F853E6690}.Release|Any CPU.Deploy.0 = Release|Any CPU
		{3022D5F0-E786-4205-B682-505F853E6690}.Release|ARM.ActiveCfg = Release|Any CPU
		{3022D5F0-E786-4205-B682-505F853E6690}.Release|ARM.Build.0 = Release|Any CPU
		{3022D5F0-E786-4205-B682-505F853E6690}.Release|ARM.Deploy.0 = Release|Any CPU
		{3022D5F0-E786-4205-B682-505F853E6690}.Release|iPhone.ActiveCfg = Release|Any CPU
		{3022D5F0-E786-4205-B682-505F853E6690}.Release|iPhone.Build.0 = Release|Any CPU
		{3022D5F0-E786-4205-B682-505F853E6690}.Release|iPhone.Deploy.0 = Release|Any CPU
		{3022D5F0-E786-4205-B682-505F853E6690}.Release|iPhoneSimulator.ActiveCfg = Release|Any CPU
		{3022D5F0-E786-4205-B682-505F853E6690}.Release|iPhoneSimulator.Build.0 = Release|Any CPU
		{3022D5F0-E786-4205-B682-505F853E6690}.Release|iPhoneSimulator.Deploy.0 = Release|Any CPU
		{3022D5F0-E786-4205-B682-505F853E6690}.Release|x64.ActiveCfg = Release|Any CPU
		{3022D5F0-E786-4205-B682-505F853E6690}.Release|x64.Build.0 = Release|Any CPU
		{3022D5F0-E786-4205-B682-505F853E6690}.Release|x64.Deploy.0 = Release|Any CPU
		{3022D5F0-E786-4205-B682-505F853E6690}.Release|x86.ActiveCfg = Release|Any CPU
		{3022D5F0-E786-4205-B682-505F853E6690}.Release|x86.Build.0 = Release|Any CPU
		{3022D5F0-E786-4205-B682-505F853E6690}.Release|x86.Deploy.0 = Release|Any CPU
		{62EDFF3D-2B5D-4AC7-AB5C-DA76FE988826}.Ad-Hoc|Any CPU.ActiveCfg = Ad-Hoc|iPhone
		{62EDFF3D-2B5D-4AC7-AB5C-DA76FE988826}.Ad-Hoc|Any CPU.Build.0 = Ad-Hoc|iPhone
		{62EDFF3D-2B5D-4AC7-AB5C-DA76FE988826}.Ad-Hoc|Any CPU.Deploy.0 = Ad-Hoc|iPhone
		{62EDFF3D-2B5D-4AC7-AB5C-DA76FE988826}.Ad-Hoc|ARM.ActiveCfg = Ad-Hoc|iPhone
		{62EDFF3D-2B5D-4AC7-AB5C-DA76FE988826}.Ad-Hoc|ARM.Build.0 = Ad-Hoc|iPhone
		{62EDFF3D-2B5D-4AC7-AB5C-DA76FE988826}.Ad-Hoc|ARM.Deploy.0 = Ad-Hoc|iPhone
		{62EDFF3D-2B5D-4AC7-AB5C-DA76FE988826}.Ad-Hoc|iPhone.ActiveCfg = Ad-Hoc|iPhone
		{62EDFF3D-2B5D-4AC7-AB5C-DA76FE988826}.Ad-Hoc|iPhone.Build.0 = Ad-Hoc|iPhone
		{62EDFF3D-2B5D-4AC7-AB5C-DA76FE988826}.Ad-Hoc|iPhone.Deploy.0 = Ad-Hoc|iPhone
		{62EDFF3D-2B5D-4AC7-AB5C-DA76FE988826}.Ad-Hoc|iPhoneSimulator.ActiveCfg = Ad-Hoc|iPhoneSimulator
		{62EDFF3D-2B5D-4AC7-AB5C-DA76FE988826}.Ad-Hoc|iPhoneSimulator.Build.0 = Ad-Hoc|iPhoneSimulator
		{62EDFF3D-2B5D-4AC7-AB5C-DA76FE988826}.Ad-Hoc|iPhoneSimulator.Deploy.0 = Ad-Hoc|iPhoneSimulator
		{62EDFF3D-2B5D-4AC7-AB5C-DA76FE988826}.Ad-Hoc|x64.ActiveCfg = Ad-Hoc|iPhone
		{62EDFF3D-2B5D-4AC7-AB5C-DA76FE988826}.Ad-Hoc|x64.Build.0 = Ad-Hoc|iPhone
		{62EDFF3D-2B5D-4AC7-AB5C-DA76FE988826}.Ad-Hoc|x64.Deploy.0 = Ad-Hoc|iPhone
		{62EDFF3D-2B5D-4AC7-AB5C-DA76FE988826}.Ad-Hoc|x86.ActiveCfg = Ad-Hoc|iPhone
		{62EDFF3D-2B5D-4AC7-AB5C-DA76FE988826}.Ad-Hoc|x86.Build.0 = Ad-Hoc|iPhone
		{62EDFF3D-2B5D-4AC7-AB5C-DA76FE988826}.Ad-Hoc|x86.Deploy.0 = Ad-Hoc|iPhone
		{62EDFF3D-2B5D-4AC7-AB5C-DA76FE988826}.AppStore|Any CPU.ActiveCfg = AppStore|iPhone
		{62EDFF3D-2B5D-4AC7-AB5C-DA76FE988826}.AppStore|Any CPU.Build.0 = AppStore|iPhone
		{62EDFF3D-2B5D-4AC7-AB5C-DA76FE988826}.AppStore|Any CPU.Deploy.0 = AppStore|iPhone
		{62EDFF3D-2B5D-4AC7-AB5C-DA76FE988826}.AppStore|ARM.ActiveCfg = AppStore|iPhone
		{62EDFF3D-2B5D-4AC7-AB5C-DA76FE988826}.AppStore|ARM.Build.0 = AppStore|iPhone
		{62EDFF3D-2B5D-4AC7-AB5C-DA76FE988826}.AppStore|ARM.Deploy.0 = AppStore|iPhone
		{62EDFF3D-2B5D-4AC7-AB5C-DA76FE988826}.AppStore|iPhone.ActiveCfg = AppStore|iPhone
		{62EDFF3D-2B5D-4AC7-AB5C-DA76FE988826}.AppStore|iPhone.Build.0 = AppStore|iPhone
		{62EDFF3D-2B5D-4AC7-AB5C-DA76FE988826}.AppStore|iPhone.Deploy.0 = AppStore|iPhone
		{62EDFF3D-2B5D-4AC7-AB5C-DA76FE988826}.AppStore|iPhoneSimulator.ActiveCfg = AppStore|iPhoneSimulator
		{62EDFF3D-2B5D-4AC7-AB5C-DA76FE988826}.AppStore|iPhoneSimulator.Build.0 = AppStore|iPhoneSimulator
		{62EDFF3D-2B5D-4AC7-AB5C-DA76FE988826}.AppStore|iPhoneSimulator.Deploy.0 = AppStore|iPhoneSimulator
		{62EDFF3D-2B5D-4AC7-AB5C-DA76FE988826}.AppStore|x64.ActiveCfg = AppStore|iPhone
		{62EDFF3D-2B5D-4AC7-AB5C-DA76FE988826}.AppStore|x64.Build.0 = AppStore|iPhone
		{62EDFF3D-2B5D-4AC7-AB5C-DA76FE988826}.AppStore|x64.Deploy.0 = AppStore|iPhone
		{62EDFF3D-2B5D-4AC7-AB5C-DA76FE988826}.AppStore|x86.ActiveCfg = AppStore|iPhone
		{62EDFF3D-2B5D-4AC7-AB5C-DA76FE988826}.AppStore|x86.Build.0 = AppStore|iPhone
		{62EDFF3D-2B5D-4AC7-AB5C-DA76FE988826}.AppStore|x86.Deploy.0 = AppStore|iPhone
		{62EDFF3D-2B5D-4AC7-AB5C-DA76FE988826}.Debug|Any CPU.ActiveCfg = Debug|iPhoneSimulator
		{62EDFF3D-2B5D-4AC7-AB5C-DA76FE988826}.Debug|Any CPU.Build.0 = Debug|iPhoneSimulator
		{62EDFF3D-2B5D-4AC7-AB5C-DA76FE988826}.Debug|Any CPU.Deploy.0 = Debug|iPhoneSimulator
		{62EDFF3D-2B5D-4AC7-AB5C-DA76FE988826}.Debug|ARM.ActiveCfg = Debug|iPhone
		{62EDFF3D-2B5D-4AC7-AB5C-DA76FE988826}.Debug|ARM.Build.0 = Debug|iPhone
		{62EDFF3D-2B5D-4AC7-AB5C-DA76FE988826}.Debug|ARM.Deploy.0 = Debug|iPhone
		{62EDFF3D-2B5D-4AC7-AB5C-DA76FE988826}.Debug|iPhone.ActiveCfg = Debug|iPhone
		{62EDFF3D-2B5D-4AC7-AB5C-DA76FE988826}.Debug|iPhone.Build.0 = Debug|iPhone
		{62EDFF3D-2B5D-4AC7-AB5C-DA76FE988826}.Debug|iPhone.Deploy.0 = Debug|iPhone
		{62EDFF3D-2B5D-4AC7-AB5C-DA76FE988826}.Debug|iPhoneSimulator.ActiveCfg = Debug|iPhoneSimulator
		{62EDFF3D-2B5D-4AC7-AB5C-DA76FE988826}.Debug|iPhoneSimulator.Build.0 = Debug|iPhoneSimulator
		{62EDFF3D-2B5D-4AC7-AB5C-DA76FE988826}.Debug|iPhoneSimulator.Deploy.0 = Debug|iPhoneSimulator
		{62EDFF3D-2B5D-4AC7-AB5C-DA76FE988826}.Debug|x64.ActiveCfg = Debug|iPhone
		{62EDFF3D-2B5D-4AC7-AB5C-DA76FE988826}.Debug|x64.Build.0 = Debug|iPhone
		{62EDFF3D-2B5D-4AC7-AB5C-DA76FE988826}.Debug|x64.Deploy.0 = Debug|iPhone
		{62EDFF3D-2B5D-4AC7-AB5C-DA76FE988826}.Debug|x86.ActiveCfg = Debug|iPhone
		{62EDFF3D-2B5D-4AC7-AB5C-DA76FE988826}.Debug|x86.Build.0 = Debug|iPhone
		{62EDFF3D-2B5D-4AC7-AB5C-DA76FE988826}.Debug|x86.Deploy.0 = Debug|iPhone
		{62EDFF3D-2B5D-4AC7-AB5C-DA76FE988826}.Release|Any CPU.ActiveCfg = Release|iPhone
		{62EDFF3D-2B5D-4AC7-AB5C-DA76FE988826}.Release|Any CPU.Build.0 = Release|iPhone
		{62EDFF3D-2B5D-4AC7-AB5C-DA76FE988826}.Release|Any CPU.Deploy.0 = Release|iPhone
		{62EDFF3D-2B5D-4AC7-AB5C-DA76FE988826}.Release|ARM.ActiveCfg = Release|iPhone
		{62EDFF3D-2B5D-4AC7-AB5C-DA76FE988826}.Release|ARM.Build.0 = Release|iPhone
		{62EDFF3D-2B5D-4AC7-AB5C-DA76FE988826}.Release|ARM.Deploy.0 = Release|iPhone
		{62EDFF3D-2B5D-4AC7-AB5C-DA76FE988826}.Release|iPhone.ActiveCfg = Release|iPhone
		{62EDFF3D-2B5D-4AC7-AB5C-DA76FE988826}.Release|iPhone.Build.0 = Release|iPhone
		{62EDFF3D-2B5D-4AC7-AB5C-DA76FE988826}.Release|iPhone.Deploy.0 = Release|iPhone
		{62EDFF3D-2B5D-4AC7-AB5C-DA76FE988826}.Release|iPhoneSimulator.ActiveCfg = Release|iPhoneSimulator
		{62EDFF3D-2B5D-4AC7-AB5C-DA76FE988826}.Release|iPhoneSimulator.Build.0 = Release|iPhoneSimulator
		{62EDFF3D-2B5D-4AC7-AB5C-DA76FE988826}.Release|iPhoneSimulator.Deploy.0 = Release|iPhoneSimulator
		{62EDFF3D-2B5D-4AC7-AB5C-DA76FE988826}.Release|x64.ActiveCfg = Release|iPhone
		{62EDFF3D-2B5D-4AC7-AB5C-DA76FE988826}.Release|x64.Build.0 = Release|iPhone
		{62EDFF3D-2B5D-4AC7-AB5C-DA76FE988826}.Release|x64.Deploy.0 = Release|iPhone
		{62EDFF3D-2B5D-4AC7-AB5C-DA76FE988826}.Release|x86.ActiveCfg = Release|iPhone
		{62EDFF3D-2B5D-4AC7-AB5C-DA76FE988826}.Release|x86.Build.0 = Release|iPhone
		{62EDFF3D-2B5D-4AC7-AB5C-DA76FE988826}.Release|x86.Deploy.0 = Release|iPhone
		{82A9EB6B-7AFE-4E13-AC0C-24B6B4C637EF}.Ad-Hoc|Any CPU.ActiveCfg = Release|x86
		{82A9EB6B-7AFE-4E13-AC0C-24B6B4C637EF}.Ad-Hoc|Any CPU.Build.0 = Release|x86
		{82A9EB6B-7AFE-4E13-AC0C-24B6B4C637EF}.Ad-Hoc|Any CPU.Deploy.0 = Release|x86
		{82A9EB6B-7AFE-4E13-AC0C-24B6B4C637EF}.Ad-Hoc|ARM.ActiveCfg = Release|ARM
		{82A9EB6B-7AFE-4E13-AC0C-24B6B4C637EF}.Ad-Hoc|ARM.Build.0 = Release|ARM
		{82A9EB6B-7AFE-4E13-AC0C-24B6B4C637EF}.Ad-Hoc|ARM.Deploy.0 = Release|ARM
		{82A9EB6B-7AFE-4E13-AC0C-24B6B4C637EF}.Ad-Hoc|iPhone.ActiveCfg = Release|x86
		{82A9EB6B-7AFE-4E13-AC0C-24B6B4C637EF}.Ad-Hoc|iPhone.Build.0 = Release|x86
		{82A9EB6B-7AFE-4E13-AC0C-24B6B4C637EF}.Ad-Hoc|iPhone.Deploy.0 = Release|x86
		{82A9EB6B-7AFE-4E13-AC0C-24B6B4C637EF}.Ad-Hoc|iPhoneSimulator.ActiveCfg = Release|x86
		{82A9EB6B-7AFE-4E13-AC0C-24B6B4C637EF}.Ad-Hoc|iPhoneSimulator.Build.0 = Release|x86
		{82A9EB6B-7AFE-4E13-AC0C-24B6B4C637EF}.Ad-Hoc|iPhoneSimulator.Deploy.0 = Release|x86
		{82A9EB6B-7AFE-4E13-AC0C-24B6B4C637EF}.Ad-Hoc|x64.ActiveCfg = Release|x64
		{82A9EB6B-7AFE-4E13-AC0C-24B6B4C637EF}.Ad-Hoc|x64.Build.0 = Release|x64
		{82A9EB6B-7AFE-4E13-AC0C-24B6B4C637EF}.Ad-Hoc|x64.Deploy.0 = Release|x64
		{82A9EB6B-7AFE-4E13-AC0C-24B6B4C637EF}.Ad-Hoc|x86.ActiveCfg = Release|x86
		{82A9EB6B-7AFE-4E13-AC0C-24B6B4C637EF}.Ad-Hoc|x86.Build.0 = Release|x86
		{82A9EB6B-7AFE-4E13-AC0C-24B6B4C637EF}.Ad-Hoc|x86.Deploy.0 = Release|x86
		{82A9EB6B-7AFE-4E13-AC0C-24B6B4C637EF}.AppStore|Any CPU.ActiveCfg = Release|x86
		{82A9EB6B-7AFE-4E13-AC0C-24B6B4C637EF}.AppStore|Any CPU.Build.0 = Release|x86
		{82A9EB6B-7AFE-4E13-AC0C-24B6B4C637EF}.AppStore|Any CPU.Deploy.0 = Release|x86
		{82A9EB6B-7AFE-4E13-AC0C-24B6B4C637EF}.AppStore|ARM.ActiveCfg = Release|ARM
		{82A9EB6B-7AFE-4E13-AC0C-24B6B4C637EF}.AppStore|ARM.Build.0 = Release|ARM
		{82A9EB6B-7AFE-4E13-AC0C-24B6B4C637EF}.AppStore|ARM.Deploy.0 = Release|ARM
		{82A9EB6B-7AFE-4E13-AC0C-24B6B4C637EF}.AppStore|iPhone.ActiveCfg = Release|x86
		{82A9EB6B-7AFE-4E13-AC0C-24B6B4C637EF}.AppStore|iPhone.Build.0 = Release|x86
		{82A9EB6B-7AFE-4E13-AC0C-24B6B4C637EF}.AppStore|iPhone.Deploy.0 = Release|x86
		{82A9EB6B-7AFE-4E13-AC0C-24B6B4C637EF}.AppStore|iPhoneSimulator.ActiveCfg = Release|x86
		{82A9EB6B-7AFE-4E13-AC0C-24B6B4C637EF}.AppStore|iPhoneSimulator.Build.0 = Release|x86
		{82A9EB6B-7AFE-4E13-AC0C-24B6B4C637EF}.AppStore|iPhoneSimulator.Deploy.0 = Release|x86
		{82A9EB6B-7AFE-4E13-AC0C-24B6B4C637EF}.AppStore|x64.ActiveCfg = Release|x64
		{82A9EB6B-7AFE-4E13-AC0C-24B6B4C637EF}.AppStore|x64.Build.0 = Release|x64
		{82A9EB6B-7AFE-4E13-AC0C-24B6B4C637EF}.AppStore|x64.Deploy.0 = Release|x64
		{82A9EB6B-7AFE-4E13-AC0C-24B6B4C637EF}.AppStore|x86.ActiveCfg = Release|x86
		{82A9EB6B-7AFE-4E13-AC0C-24B6B4C637EF}.AppStore|x86.Build.0 = Release|x86
		{82A9EB6B-7AFE-4E13-AC0C-24B6B4C637EF}.AppStore|x86.Deploy.0 = Release|x86
		{82A9EB6B-7AFE-4E13-AC0C-24B6B4C637EF}.Debug|Any CPU.ActiveCfg = Debug|x86
		{82A9EB6B-7AFE-4E13-AC0C-24B6B4C637EF}.Debug|Any CPU.Build.0 = Debug|x86
		{82A9EB6B-7AFE-4E13-AC0C-24B6B4C637EF}.Debug|Any CPU.Deploy.0 = Debug|x86
		{82A9EB6B-7AFE-4E13-AC0C-24B6B4C637EF}.Debug|ARM.ActiveCfg = Debug|ARM
		{82A9EB6B-7AFE-4E13-AC0C-24B6B4C637EF}.Debug|ARM.Build.0 = Debug|ARM
		{82A9EB6B-7AFE-4E13-AC0C-24B6B4C637EF}.Debug|ARM.Deploy.0 = Debug|ARM
		{82A9EB6B-7AFE-4E13-AC0C-24B6B4C637EF}.Debug|iPhone.ActiveCfg = Debug|x86
		{82A9EB6B-7AFE-4E13-AC0C-24B6B4C637EF}.Debug|iPhone.Build.0 = Debug|x86
		{82A9EB6B-7AFE-4E13-AC0C-24B6B4C637EF}.Debug|iPhone.Deploy.0 = Debug|x86
		{82A9EB6B-7AFE-4E13-AC0C-24B6B4C637EF}.Debug|iPhoneSimulator.ActiveCfg = Debug|x86
		{82A9EB6B-7AFE-4E13-AC0C-24B6B4C637EF}.Debug|iPhoneSimulator.Build.0 = Debug|x86
		{82A9EB6B-7AFE-4E13-AC0C-24B6B4C637EF}.Debug|iPhoneSimulator.Deploy.0 = Debug|x86
		{82A9EB6B-7AFE-4E13-AC0C-24B6B4C637EF}.Debug|x64.ActiveCfg = Debug|x64
		{82A9EB6B-7AFE-4E13-AC0C-24B6B4C637EF}.Debug|x64.Build.0 = Debug|x64
		{82A9EB6B-7AFE-4E13-AC0C-24B6B4C637EF}.Debug|x64.Deploy.0 = Debug|x64
		{82A9EB6B-7AFE-4E13-AC0C-24B6B4C637EF}.Debug|x86.ActiveCfg = Debug|x86
		{82A9EB6B-7AFE-4E13-AC0C-24B6B4C637EF}.Debug|x86.Build.0 = Debug|x86
		{82A9EB6B-7AFE-4E13-AC0C-24B6B4C637EF}.Debug|x86.Deploy.0 = Debug|x86
		{82A9EB6B-7AFE-4E13-AC0C-24B6B4C637EF}.Release|Any CPU.ActiveCfg = Release|x86
		{82A9EB6B-7AFE-4E13-AC0C-24B6B4C637EF}.Release|Any CPU.Build.0 = Release|x86
		{82A9EB6B-7AFE-4E13-AC0C-24B6B4C637EF}.Release|Any CPU.Deploy.0 = Release|x86
		{82A9EB6B-7AFE-4E13-AC0C-24B6B4C637EF}.Release|ARM.ActiveCfg = Release|ARM
		{82A9EB6B-7AFE-4E13-AC0C-24B6B4C637EF}.Release|ARM.Build.0 = Release|ARM
		{82A9EB6B-7AFE-4E13-AC0C-24B6B4C637EF}.Release|ARM.Deploy.0 = Release|ARM
		{82A9EB6B-7AFE-4E13-AC0C-24B6B4C637EF}.Release|iPhone.ActiveCfg = Release|x86
		{82A9EB6B-7AFE-4E13-AC0C-24B6B4C637EF}.Release|iPhone.Build.0 = Release|x86
		{82A9EB6B-7AFE-4E13-AC0C-24B6B4C637EF}.Release|iPhone.Deploy.0 = Release|x86
		{82A9EB6B-7AFE-4E13-AC0C-24B6B4C637EF}.Release|iPhoneSimulator.ActiveCfg = Release|x86
		{82A9EB6B-7AFE-4E13-AC0C-24B6B4C637EF}.Release|iPhoneSimulator.Build.0 = Release|x86
		{82A9EB6B-7AFE-4E13-AC0C-24B6B4C637EF}.Release|iPhoneSimulator.Deploy.0 = Release|x86
		{82A9EB6B-7AFE-4E13-AC0C-24B6B4C637EF}.Release|x64.ActiveCfg = Release|x64
		{82A9EB6B-7AFE-4E13-AC0C-24B6B4C637EF}.Release|x64.Build.0 = Release|x64
		{82A9EB6B-7AFE-4E13-AC0C-24B6B4C637EF}.Release|x64.Deploy.0 = Release|x64
		{82A9EB6B-7AFE-4E13-AC0C-24B6B4C637EF}.Release|x86.ActiveCfg = Release|x86
		{82A9EB6B-7AFE-4E13-AC0C-24B6B4C637EF}.Release|x86.Build.0 = Release|x86
		{82A9EB6B-7AFE-4E13-AC0C-24B6B4C637EF}.Release|x86.Deploy.0 = Release|x86
		{185BFD2D-179C-4414-8F71-1125F49215FB}.Ad-Hoc|Any CPU.ActiveCfg = Debug|Any CPU
		{185BFD2D-179C-4414-8F71-1125F49215FB}.Ad-Hoc|Any CPU.Build.0 = Debug|Any CPU
		{185BFD2D-179C-4414-8F71-1125F49215FB}.Ad-Hoc|Any CPU.Deploy.0 = Debug|Any CPU
		{185BFD2D-179C-4414-8F71-1125F49215FB}.Ad-Hoc|ARM.ActiveCfg = Debug|Any CPU
		{185BFD2D-179C-4414-8F71-1125F49215FB}.Ad-Hoc|ARM.Build.0 = Debug|Any CPU
		{185BFD2D-179C-4414-8F71-1125F49215FB}.Ad-Hoc|ARM.Deploy.0 = Debug|Any CPU
		{185BFD2D-179C-4414-8F71-1125F49215FB}.Ad-Hoc|iPhone.ActiveCfg = Debug|Any CPU
		{185BFD2D-179C-4414-8F71-1125F49215FB}.Ad-Hoc|iPhone.Build.0 = Debug|Any CPU
		{185BFD2D-179C-4414-8F71-1125F49215FB}.Ad-Hoc|iPhone.Deploy.0 = Debug|Any CPU
		{185BFD2D-179C-4414-8F71-1125F49215FB}.Ad-Hoc|iPhoneSimulator.ActiveCfg = Debug|Any CPU
		{185BFD2D-179C-4414-8F71-1125F49215FB}.Ad-Hoc|iPhoneSimulator.Build.0 = Debug|Any CPU
		{185BFD2D-179C-4414-8F71-1125F49215FB}.Ad-Hoc|iPhoneSimulator.Deploy.0 = Debug|Any CPU
		{185BFD2D-179C-4414-8F71-1125F49215FB}.Ad-Hoc|x64.ActiveCfg = Debug|Any CPU
		{185BFD2D-179C-4414-8F71-1125F49215FB}.Ad-Hoc|x64.Build.0 = Debug|Any CPU
		{185BFD2D-179C-4414-8F71-1125F49215FB}.Ad-Hoc|x64.Deploy.0 = Debug|Any CPU
		{185BFD2D-179C-4414-8F71-1125F49215FB}.Ad-Hoc|x86.ActiveCfg = Debug|Any CPU
		{185BFD2D-179C-4414-8F71-1125F49215FB}.Ad-Hoc|x86.Build.0 = Debug|Any CPU
		{185BFD2D-179C-4414-8F71-1125F49215FB}.Ad-Hoc|x86.Deploy.0 = Debug|Any CPU
		{185BFD2D-179C-4414-8F71-1125F49215FB}.AppStore|Any CPU.ActiveCfg = Debug|Any CPU
		{185BFD2D-179C-4414-8F71-1125F49215FB}.AppStore|Any CPU.Build.0 = Debug|Any CPU
		{185BFD2D-179C-4414-8F71-1125F49215FB}.AppStore|Any CPU.Deploy.0 = Debug|Any CPU
		{185BFD2D-179C-4414-8F71-1125F49215FB}.AppStore|ARM.ActiveCfg = Debug|Any CPU
		{185BFD2D-179C-4414-8F71-1125F49215FB}.AppStore|ARM.Build.0 = Debug|Any CPU
		{185BFD2D-179C-4414-8F71-1125F49215FB}.AppStore|ARM.Deploy.0 = Debug|Any CPU
		{185BFD2D-179C-4414-8F71-1125F49215FB}.AppStore|iPhone.ActiveCfg = Debug|Any CPU
		{185BFD2D-179C-4414-8F71-1125F49215FB}.AppStore|iPhone.Build.0 = Debug|Any CPU
		{185BFD2D-179C-4414-8F71-1125F49215FB}.AppStore|iPhone.Deploy.0 = Debug|Any CPU
		{185BFD2D-179C-4414-8F71-1125F49215FB}.AppStore|iPhoneSimulator.ActiveCfg = Debug|Any CPU
		{185BFD2D-179C-4414-8F71-1125F49215FB}.AppStore|iPhoneSimulator.Build.0 = Debug|Any CPU
		{185BFD2D-179C-4414-8F71-1125F49215FB}.AppStore|iPhoneSimulator.Deploy.0 = Debug|Any CPU
		{185BFD2D-179C-4414-8F71-1125F49215FB}.AppStore|x64.ActiveCfg = Debug|Any CPU
		{185BFD2D-179C-4414-8F71-1125F49215FB}.AppStore|x64.Build.0 = Debug|Any CPU
		{185BFD2D-179C-4414-8F71-1125F49215FB}.AppStore|x64.Deploy.0 = Debug|Any CPU
		{185BFD2D-179C-4414-8F71-1125F49215FB}.AppStore|x86.ActiveCfg = Debug|Any CPU
		{185BFD2D-179C-4414-8F71-1125F49215FB}.AppStore|x86.Build.0 = Debug|Any CPU
		{185BFD2D-179C-4414-8F71-1125F49215FB}.AppStore|x86.Deploy.0 = Debug|Any CPU
		{185BFD2D-179C-4414-8F71-1125F49215FB}.Debug|Any CPU.ActiveCfg = Debug|Any CPU
		{185BFD2D-179C-4414-8F71-1125F49215FB}.Debug|Any CPU.Build.0 = Debug|Any CPU
		{185BFD2D-179C-4414-8F71-1125F49215FB}.Debug|Any CPU.Deploy.0 = Debug|Any CPU
		{185BFD2D-179C-4414-8F71-1125F49215FB}.Debug|ARM.ActiveCfg = Debug|Any CPU
		{185BFD2D-179C-4414-8F71-1125F49215FB}.Debug|ARM.Build.0 = Debug|Any CPU
		{185BFD2D-179C-4414-8F71-1125F49215FB}.Debug|ARM.Deploy.0 = Debug|Any CPU
		{185BFD2D-179C-4414-8F71-1125F49215FB}.Debug|iPhone.ActiveCfg = Debug|Any CPU
		{185BFD2D-179C-4414-8F71-1125F49215FB}.Debug|iPhone.Build.0 = Debug|Any CPU
		{185BFD2D-179C-4414-8F71-1125F49215FB}.Debug|iPhone.Deploy.0 = Debug|Any CPU
		{185BFD2D-179C-4414-8F71-1125F49215FB}.Debug|iPhoneSimulator.ActiveCfg = Debug|Any CPU
		{185BFD2D-179C-4414-8F71-1125F49215FB}.Debug|iPhoneSimulator.Build.0 = Debug|Any CPU
		{185BFD2D-179C-4414-8F71-1125F49215FB}.Debug|iPhoneSimulator.Deploy.0 = Debug|Any CPU
		{185BFD2D-179C-4414-8F71-1125F49215FB}.Debug|x64.ActiveCfg = Debug|Any CPU
		{185BFD2D-179C-4414-8F71-1125F49215FB}.Debug|x64.Build.0 = Debug|Any CPU
		{185BFD2D-179C-4414-8F71-1125F49215FB}.Debug|x64.Deploy.0 = Debug|Any CPU
		{185BFD2D-179C-4414-8F71-1125F49215FB}.Debug|x86.ActiveCfg = Debug|Any CPU
		{185BFD2D-179C-4414-8F71-1125F49215FB}.Debug|x86.Build.0 = Debug|Any CPU
		{185BFD2D-179C-4414-8F71-1125F49215FB}.Debug|x86.Deploy.0 = Debug|Any CPU
		{185BFD2D-179C-4414-8F71-1125F49215FB}.Release|Any CPU.ActiveCfg = Release|Any CPU
		{185BFD2D-179C-4414-8F71-1125F49215FB}.Release|Any CPU.Build.0 = Release|Any CPU
		{185BFD2D-179C-4414-8F71-1125F49215FB}.Release|Any CPU.Deploy.0 = Release|Any CPU
		{185BFD2D-179C-4414-8F71-1125F49215FB}.Release|ARM.ActiveCfg = Release|Any CPU
		{185BFD2D-179C-4414-8F71-1125F49215FB}.Release|ARM.Build.0 = Release|Any CPU
		{185BFD2D-179C-4414-8F71-1125F49215FB}.Release|ARM.Deploy.0 = Release|Any CPU
		{185BFD2D-179C-4414-8F71-1125F49215FB}.Release|iPhone.ActiveCfg = Release|Any CPU
		{185BFD2D-179C-4414-8F71-1125F49215FB}.Release|iPhone.Build.0 = Release|Any CPU
		{185BFD2D-179C-4414-8F71-1125F49215FB}.Release|iPhone.Deploy.0 = Release|Any CPU
		{185BFD2D-179C-4414-8F71-1125F49215FB}.Release|iPhoneSimulator.ActiveCfg = Release|Any CPU
		{185BFD2D-179C-4414-8F71-1125F49215FB}.Release|iPhoneSimulator.Build.0 = Release|Any CPU
		{185BFD2D-179C-4414-8F71-1125F49215FB}.Release|iPhoneSimulator.Deploy.0 = Release|Any CPU
		{185BFD2D-179C-4414-8F71-1125F49215FB}.Release|x64.ActiveCfg = Release|Any CPU
		{185BFD2D-179C-4414-8F71-1125F49215FB}.Release|x64.Build.0 = Release|Any CPU
		{185BFD2D-179C-4414-8F71-1125F49215FB}.Release|x64.Deploy.0 = Release|Any CPU
		{185BFD2D-179C-4414-8F71-1125F49215FB}.Release|x86.ActiveCfg = Release|Any CPU
		{185BFD2D-179C-4414-8F71-1125F49215FB}.Release|x86.Build.0 = Release|Any CPU
		{185BFD2D-179C-4414-8F71-1125F49215FB}.Release|x86.Deploy.0 = Release|Any CPU
		{625D80A4-2567-4BA6-919F-BA669799D02D}.Ad-Hoc|Any CPU.ActiveCfg = Debug|Any CPU
		{625D80A4-2567-4BA6-919F-BA669799D02D}.Ad-Hoc|Any CPU.Build.0 = Debug|Any CPU
		{625D80A4-2567-4BA6-919F-BA669799D02D}.Ad-Hoc|ARM.ActiveCfg = Debug|Any CPU
		{625D80A4-2567-4BA6-919F-BA669799D02D}.Ad-Hoc|ARM.Build.0 = Debug|Any CPU
		{625D80A4-2567-4BA6-919F-BA669799D02D}.Ad-Hoc|iPhone.ActiveCfg = Debug|Any CPU
		{625D80A4-2567-4BA6-919F-BA669799D02D}.Ad-Hoc|iPhone.Build.0 = Debug|Any CPU
		{625D80A4-2567-4BA6-919F-BA669799D02D}.Ad-Hoc|iPhoneSimulator.ActiveCfg = Debug|Any CPU
		{625D80A4-2567-4BA6-919F-BA669799D02D}.Ad-Hoc|iPhoneSimulator.Build.0 = Debug|Any CPU
		{625D80A4-2567-4BA6-919F-BA669799D02D}.Ad-Hoc|x64.ActiveCfg = Debug|Any CPU
		{625D80A4-2567-4BA6-919F-BA669799D02D}.Ad-Hoc|x64.Build.0 = Debug|Any CPU
		{625D80A4-2567-4BA6-919F-BA669799D02D}.Ad-Hoc|x86.ActiveCfg = Debug|Any CPU
		{625D80A4-2567-4BA6-919F-BA669799D02D}.Ad-Hoc|x86.Build.0 = Debug|Any CPU
		{625D80A4-2567-4BA6-919F-BA669799D02D}.AppStore|Any CPU.ActiveCfg = Debug|Any CPU
		{625D80A4-2567-4BA6-919F-BA669799D02D}.AppStore|Any CPU.Build.0 = Debug|Any CPU
		{625D80A4-2567-4BA6-919F-BA669799D02D}.AppStore|ARM.ActiveCfg = Debug|Any CPU
		{625D80A4-2567-4BA6-919F-BA669799D02D}.AppStore|ARM.Build.0 = Debug|Any CPU
		{625D80A4-2567-4BA6-919F-BA669799D02D}.AppStore|iPhone.ActiveCfg = Debug|Any CPU
		{625D80A4-2567-4BA6-919F-BA669799D02D}.AppStore|iPhone.Build.0 = Debug|Any CPU
		{625D80A4-2567-4BA6-919F-BA669799D02D}.AppStore|iPhoneSimulator.ActiveCfg = Debug|Any CPU
		{625D80A4-2567-4BA6-919F-BA669799D02D}.AppStore|iPhoneSimulator.Build.0 = Debug|Any CPU
		{625D80A4-2567-4BA6-919F-BA669799D02D}.AppStore|x64.ActiveCfg = Debug|Any CPU
		{625D80A4-2567-4BA6-919F-BA669799D02D}.AppStore|x64.Build.0 = Debug|Any CPU
		{625D80A4-2567-4BA6-919F-BA669799D02D}.AppStore|x86.ActiveCfg = Debug|Any CPU
		{625D80A4-2567-4BA6-919F-BA669799D02D}.AppStore|x86.Build.0 = Debug|Any CPU
		{625D80A4-2567-4BA6-919F-BA669799D02D}.Debug|Any CPU.ActiveCfg = Debug|Any CPU
		{625D80A4-2567-4BA6-919F-BA669799D02D}.Debug|Any CPU.Build.0 = Debug|Any CPU
		{625D80A4-2567-4BA6-919F-BA669799D02D}.Debug|ARM.ActiveCfg = Debug|Any CPU
		{625D80A4-2567-4BA6-919F-BA669799D02D}.Debug|ARM.Build.0 = Debug|Any CPU
		{625D80A4-2567-4BA6-919F-BA669799D02D}.Debug|iPhone.ActiveCfg = Debug|Any CPU
		{625D80A4-2567-4BA6-919F-BA669799D02D}.Debug|iPhone.Build.0 = Debug|Any CPU
		{625D80A4-2567-4BA6-919F-BA669799D02D}.Debug|iPhoneSimulator.ActiveCfg = Debug|Any CPU
		{625D80A4-2567-4BA6-919F-BA669799D02D}.Debug|iPhoneSimulator.Build.0 = Debug|Any CPU
		{625D80A4-2567-4BA6-919F-BA669799D02D}.Debug|x64.ActiveCfg = Debug|Any CPU
		{625D80A4-2567-4BA6-919F-BA669799D02D}.Debug|x64.Build.0 = Debug|Any CPU
		{625D80A4-2567-4BA6-919F-BA669799D02D}.Debug|x86.ActiveCfg = Debug|Any CPU
		{625D80A4-2567-4BA6-919F-BA669799D02D}.Debug|x86.Build.0 = Debug|Any CPU
		{625D80A4-2567-4BA6-919F-BA669799D02D}.Release|Any CPU.ActiveCfg = Release|Any CPU
		{625D80A4-2567-4BA6-919F-BA669799D02D}.Release|Any CPU.Build.0 = Release|Any CPU
		{625D80A4-2567-4BA6-919F-BA669799D02D}.Release|ARM.ActiveCfg = Release|Any CPU
		{625D80A4-2567-4BA6-919F-BA669799D02D}.Release|ARM.Build.0 = Release|Any CPU
		{625D80A4-2567-4BA6-919F-BA669799D02D}.Release|iPhone.ActiveCfg = Release|Any CPU
		{625D80A4-2567-4BA6-919F-BA669799D02D}.Release|iPhone.Build.0 = Release|Any CPU
		{625D80A4-2567-4BA6-919F-BA669799D02D}.Release|iPhoneSimulator.ActiveCfg = Release|Any CPU
		{625D80A4-2567-4BA6-919F-BA669799D02D}.Release|iPhoneSimulator.Build.0 = Release|Any CPU
		{625D80A4-2567-4BA6-919F-BA669799D02D}.Release|x64.ActiveCfg = Release|Any CPU
		{625D80A4-2567-4BA6-919F-BA669799D02D}.Release|x64.Build.0 = Release|Any CPU
		{625D80A4-2567-4BA6-919F-BA669799D02D}.Release|x86.ActiveCfg = Release|Any CPU
		{625D80A4-2567-4BA6-919F-BA669799D02D}.Release|x86.Build.0 = Release|Any CPU
	EndGlobalSection
	GlobalSection(SolutionProperties) = preSolution
		HideSolutionNode = FALSE
	EndGlobalSection
	GlobalSection(ExtensibilityGlobals) = postSolution
		SolutionGuid = {F3697622-920E-433C-8F3C-CBE498D2FD85}
	EndGlobalSection
EndGlobal
