
Microsoft Visual Studio Solution File, Format Version 12.00
# Visual Studio 15
VisualStudioVersion = 15.0.28307.136
MinimumVisualStudioVersion = 10.0.40219.1
Project("{FAE04EC0-301F-11D3-BF4B-00C04F79EFBC}") = "App1.Android", "App1\App1.Android\App1.Android.csproj", "{C736B4E8-C0E9-463D-AB06-87517F9AE821}"
EndProject
Project("{FAE04EC0-301F-11D3-BF4B-00C04F79EFBC}") = "App1.iOS", "App1\App1.iOS\App1.iOS.csproj", "{7A5533F9-0970-4F51-B10E-11A15396BF32}"
EndProject
Project("{FAE04EC0-301F-11D3-BF4B-00C04F79EFBC}") = "App1", "App1\App1\App1.csproj", "{EAE955A5-7791-45D3-88AD-4C9DF5990984}"
EndProject
Global
	GlobalSection(SolutionConfigurationPlatforms) = preSolution
		Ad-Hoc|Any CPU = Ad-Hoc|Any CPU
		Ad-Hoc|iPhone = Ad-Hoc|iPhone
		Ad-Hoc|iPhoneSimulator = Ad-Hoc|iPhoneSimulator
		AppStore|Any CPU = AppStore|Any CPU
		AppStore|iPhone = AppStore|iPhone
		AppStore|iPhoneSimulator = AppStore|iPhoneSimulator
		Debug|Any CPU = Debug|Any CPU
		Debug|iPhone = Debug|iPhone
		Debug|iPhoneSimulator = Debug|iPhoneSimulator
		Release|Any CPU = Release|Any CPU
		Release|iPhone = Release|iPhone
		Release|iPhoneSimulator = Release|iPhoneSimulator
	EndGlobalSection
	GlobalSection(ProjectConfigurationPlatforms) = postSolution
		{C736B4E8-C0E9-463D-AB06-87517F9AE821}.Ad-Hoc|Any CPU.ActiveCfg = Release|Any CPU
		{C736B4E8-C0E9-463D-AB06-87517F9AE821}.Ad-Hoc|Any CPU.Build.0 = Release|Any CPU
		{C736B4E8-C0E9-463D-AB06-87517F9AE821}.Ad-Hoc|Any CPU.Deploy.0 = Release|Any CPU
		{C736B4E8-C0E9-463D-AB06-87517F9AE821}.Ad-Hoc|iPhone.ActiveCfg = Release|Any CPU
		{C736B4E8-C0E9-463D-AB06-87517F9AE821}.Ad-Hoc|iPhone.Build.0 = Release|Any CPU
		{C736B4E8-C0E9-463D-AB06-87517F9AE821}.Ad-Hoc|iPhone.Deploy.0 = Release|Any CPU
		{C736B4E8-C0E9-463D-AB06-87517F9AE821}.Ad-Hoc|iPhoneSimulator.ActiveCfg = Release|Any CPU
		{C736B4E8-C0E9-463D-AB06-87517F9AE821}.Ad-Hoc|iPhoneSimulator.Build.0 = Release|Any CPU
		{C736B4E8-C0E9-463D-AB06-87517F9AE821}.Ad-Hoc|iPhoneSimulator.Deploy.0 = Release|Any CPU
		{C736B4E8-C0E9-463D-AB06-87517F9AE821}.AppStore|Any CPU.ActiveCfg = Release|Any CPU
		{C736B4E8-C0E9-463D-AB06-87517F9AE821}.AppStore|Any CPU.Build.0 = Release|Any CPU
		{C736B4E8-C0E9-463D-AB06-87517F9AE821}.AppStore|Any CPU.Deploy.0 = Release|Any CPU
		{C736B4E8-C0E9-463D-AB06-87517F9AE821}.AppStore|iPhone.ActiveCfg = Release|Any CPU
		{C736B4E8-C0E9-463D-AB06-87517F9AE821}.AppStore|iPhone.Build.0 = Release|Any CPU
		{C736B4E8-C0E9-463D-AB06-87517F9AE821}.AppStore|iPhone.Deploy.0 = Release|Any CPU
		{C736B4E8-C0E9-463D-AB06-87517F9AE821}.AppStore|iPhoneSimulator.ActiveCfg = Release|Any CPU
		{C736B4E8-C0E9-463D-AB06-87517F9AE821}.AppStore|iPhoneSimulator.Build.0 = Release|Any CPU
		{C736B4E8-C0E9-463D-AB06-87517F9AE821}.AppStore|iPhoneSimulator.Deploy.0 = Release|Any CPU
		{C736B4E8-C0E9-463D-AB06-87517F9AE821}.Debug|Any CPU.ActiveCfg = Debug|Any CPU
		{C736B4E8-C0E9-463D-AB06-87517F9AE821}.Debug|Any CPU.Build.0 = Debug|Any CPU
		{C736B4E8-C0E9-463D-AB06-87517F9AE821}.Debug|Any CPU.Deploy.0 = Debug|Any CPU
		{C736B4E8-C0E9-463D-AB06-87517F9AE821}.Debug|iPhone.ActiveCfg = Debug|Any CPU
		{C736B4E8-C0E9-463D-AB06-87517F9AE821}.Debug|iPhone.Build.0 = Debug|Any CPU
		{C736B4E8-C0E9-463D-AB06-87517F9AE821}.Debug|iPhone.Deploy.0 = Debug|Any CPU
		{C736B4E8-C0E9-463D-AB06-87517F9AE821}.Debug|iPhoneSimulator.ActiveCfg = Debug|Any CPU
		{C736B4E8-C0E9-463D-AB06-87517F9AE821}.Debug|iPhoneSimulator.Build.0 = Debug|Any CPU
		{C736B4E8-C0E9-463D-AB06-87517F9AE821}.Debug|iPhoneSimulator.Deploy.0 = Debug|Any CPU
		{C736B4E8-C0E9-463D-AB06-87517F9AE821}.Release|Any CPU.ActiveCfg = Release|Any CPU
		{C736B4E8-C0E9-463D-AB06-87517F9AE821}.Release|Any CPU.Build.0 = Release|Any CPU
		{C736B4E8-C0E9-463D-AB06-87517F9AE821}.Release|Any CPU.Deploy.0 = Release|Any CPU
		{C736B4E8-C0E9-463D-AB06-87517F9AE821}.Release|iPhone.ActiveCfg = Release|Any CPU
		{C736B4E8-C0E9-463D-AB06-87517F9AE821}.Release|iPhone.Build.0 = Release|Any CPU
		{C736B4E8-C0E9-463D-AB06-87517F9AE821}.Release|iPhone.Deploy.0 = Release|Any CPU
		{C736B4E8-C0E9-463D-AB06-87517F9AE821}.Release|iPhoneSimulator.ActiveCfg = Release|Any CPU
		{C736B4E8-C0E9-463D-AB06-87517F9AE821}.Release|iPhoneSimulator.Build.0 = Release|Any CPU
		{C736B4E8-C0E9-463D-AB06-87517F9AE821}.Release|iPhoneSimulator.Deploy.0 = Release|Any CPU
		{7A5533F9-0970-4F51-B10E-11A15396BF32}.Ad-Hoc|Any CPU.ActiveCfg = Ad-Hoc|iPhone
		{7A5533F9-0970-4F51-B10E-11A15396BF32}.Ad-Hoc|Any CPU.Build.0 = Ad-Hoc|iPhone
		{7A5533F9-0970-4F51-B10E-11A15396BF32}.Ad-Hoc|Any CPU.Deploy.0 = Ad-Hoc|iPhone
		{7A5533F9-0970-4F51-B10E-11A15396BF32}.Ad-Hoc|iPhone.ActiveCfg = Ad-Hoc|iPhone
		{7A5533F9-0970-4F51-B10E-11A15396BF32}.Ad-Hoc|iPhone.Build.0 = Ad-Hoc|iPhone
		{7A5533F9-0970-4F51-B10E-11A15396BF32}.Ad-Hoc|iPhone.Deploy.0 = Ad-Hoc|iPhone
		{7A5533F9-0970-4F51-B10E-11A15396BF32}.Ad-Hoc|iPhoneSimulator.ActiveCfg = Ad-Hoc|iPhoneSimulator
		{7A5533F9-0970-4F51-B10E-11A15396BF32}.Ad-Hoc|iPhoneSimulator.Build.0 = Ad-Hoc|iPhoneSimulator
		{7A5533F9-0970-4F51-B10E-11A15396BF32}.Ad-Hoc|iPhoneSimulator.Deploy.0 = Ad-Hoc|iPhoneSimulator
		{7A5533F9-0970-4F51-B10E-11A15396BF32}.AppStore|Any CPU.ActiveCfg = AppStore|iPhone
		{7A5533F9-0970-4F51-B10E-11A15396BF32}.AppStore|Any CPU.Build.0 = AppStore|iPhone
		{7A5533F9-0970-4F51-B10E-11A15396BF32}.AppStore|Any CPU.Deploy.0 = AppStore|iPhone
		{7A5533F9-0970-4F51-B10E-11A15396BF32}.AppStore|iPhone.ActiveCfg = AppStore|iPhone
		{7A5533F9-0970-4F51-B10E-11A15396BF32}.AppStore|iPhone.Build.0 = AppStore|iPhone
		{7A5533F9-0970-4F51-B10E-11A15396BF32}.AppStore|iPhone.Deploy.0 = AppStore|iPhone
		{7A5533F9-0970-4F51-B10E-11A15396BF32}.AppStore|iPhoneSimulator.ActiveCfg = AppStore|iPhoneSimulator
		{7A5533F9-0970-4F51-B10E-11A15396BF32}.AppStore|iPhoneSimulator.Build.0 = AppStore|iPhoneSimulator
		{7A5533F9-0970-4F51-B10E-11A15396BF32}.AppStore|iPhoneSimulator.Deploy.0 = AppStore|iPhoneSimulator
		{7A5533F9-0970-4F51-B10E-11A15396BF32}.Debug|Any CPU.ActiveCfg = Debug|iPhoneSimulator
		{7A5533F9-0970-4F51-B10E-11A15396BF32}.Debug|Any CPU.Build.0 = Debug|iPhoneSimulator
		{7A5533F9-0970-4F51-B10E-11A15396BF32}.Debug|Any CPU.Deploy.0 = Debug|iPhoneSimulator
		{7A5533F9-0970-4F51-B10E-11A15396BF32}.Debug|iPhone.ActiveCfg = Debug|iPhone
		{7A5533F9-0970-4F51-B10E-11A15396BF32}.Debug|iPhone.Build.0 = Debug|iPhone
		{7A5533F9-0970-4F51-B10E-11A15396BF32}.Debug|iPhone.Deploy.0 = Debug|iPhone
		{7A5533F9-0970-4F51-B10E-11A15396BF32}.Debug|iPhoneSimulator.ActiveCfg = Debug|iPhoneSimulator
		{7A5533F9-0970-4F51-B10E-11A15396BF32}.Debug|iPhoneSimulator.Build.0 = Debug|iPhoneSimulator
		{7A5533F9-0970-4F51-B10E-11A15396BF32}.Debug|iPhoneSimulator.Deploy.0 = Debug|iPhoneSimulator
		{7A5533F9-0970-4F51-B10E-11A15396BF32}.Release|Any CPU.ActiveCfg = Release|iPhone
		{7A5533F9-0970-4F51-B10E-11A15396BF32}.Release|Any CPU.Build.0 = Release|iPhone
		{7A5533F9-0970-4F51-B10E-11A15396BF32}.Release|Any CPU.Deploy.0 = Release|iPhone
		{7A5533F9-0970-4F51-B10E-11A15396BF32}.Release|iPhone.ActiveCfg = Release|iPhone
		{7A5533F9-0970-4F51-B10E-11A15396BF32}.Release|iPhone.Build.0 = Release|iPhone
		{7A5533F9-0970-4F51-B10E-11A15396BF32}.Release|iPhone.Deploy.0 = Release|iPhone
		{7A5533F9-0970-4F51-B10E-11A15396BF32}.Release|iPhoneSimulator.ActiveCfg = Release|iPhoneSimulator
		{7A5533F9-0970-4F51-B10E-11A15396BF32}.Release|iPhoneSimulator.Build.0 = Release|iPhoneSimulator
		{7A5533F9-0970-4F51-B10E-11A15396BF32}.Release|iPhoneSimulator.Deploy.0 = Release|iPhoneSimulator
		{EAE955A5-7791-45D3-88AD-4C9DF5990984}.Ad-Hoc|Any CPU.ActiveCfg = Debug|Any CPU
		{EAE955A5-7791-45D3-88AD-4C9DF5990984}.Ad-Hoc|Any CPU.Build.0 = Debug|Any CPU
		{EAE955A5-7791-45D3-88AD-4C9DF5990984}.Ad-Hoc|Any CPU.Deploy.0 = Debug|Any CPU
		{EAE955A5-7791-45D3-88AD-4C9DF5990984}.Ad-Hoc|iPhone.ActiveCfg = Debug|Any CPU
		{EAE955A5-7791-45D3-88AD-4C9DF5990984}.Ad-Hoc|iPhone.Build.0 = Debug|Any CPU
		{EAE955A5-7791-45D3-88AD-4C9DF5990984}.Ad-Hoc|iPhone.Deploy.0 = Debug|Any CPU
		{EAE955A5-7791-45D3-88AD-4C9DF5990984}.Ad-Hoc|iPhoneSimulator.ActiveCfg = Debug|Any CPU
		{EAE955A5-7791-45D3-88AD-4C9DF5990984}.Ad-Hoc|iPhoneSimulator.Build.0 = Debug|Any CPU
		{EAE955A5-7791-45D3-88AD-4C9DF5990984}.Ad-Hoc|iPhoneSimulator.Deploy.0 = Debug|Any CPU
		{EAE955A5-7791-45D3-88AD-4C9DF5990984}.AppStore|Any CPU.ActiveCfg = Debug|Any CPU
		{EAE955A5-7791-45D3-88AD-4C9DF5990984}.AppStore|Any CPU.Build.0 = Debug|Any CPU
		{EAE955A5-7791-45D3-88AD-4C9DF5990984}.AppStore|Any CPU.Deploy.0 = Debug|Any CPU
		{EAE955A5-7791-45D3-88AD-4C9DF5990984}.AppStore|iPhone.ActiveCfg = Debug|Any CPU
		{EAE955A5-7791-45D3-88AD-4C9DF5990984}.AppStore|iPhone.Build.0 = Debug|Any CPU
		{EAE955A5-7791-45D3-88AD-4C9DF5990984}.AppStore|iPhone.Deploy.0 = Debug|Any CPU
		{EAE955A5-7791-45D3-88AD-4C9DF5990984}.AppStore|iPhoneSimulator.ActiveCfg = Debug|Any CPU
		{EAE955A5-7791-45D3-88AD-4C9DF5990984}.AppStore|iPhoneSimulator.Build.0 = Debug|Any CPU
		{EAE955A5-7791-45D3-88AD-4C9DF5990984}.AppStore|iPhoneSimulator.Deploy.0 = Debug|Any CPU
		{EAE955A5-7791-45D3-88AD-4C9DF5990984}.Debug|Any CPU.ActiveCfg = Debug|Any CPU
		{EAE955A5-7791-45D3-88AD-4C9DF5990984}.Debug|Any CPU.Build.0 = Debug|Any CPU
		{EAE955A5-7791-45D3-88AD-4C9DF5990984}.Debug|Any CPU.Deploy.0 = Debug|Any CPU
		{EAE955A5-7791-45D3-88AD-4C9DF5990984}.Debug|iPhone.ActiveCfg = Debug|Any CPU
		{EAE955A5-7791-45D3-88AD-4C9DF5990984}.Debug|iPhone.Build.0 = Debug|Any CPU
		{EAE955A5-7791-45D3-88AD-4C9DF5990984}.Debug|iPhone.Deploy.0 = Debug|Any CPU
		{EAE955A5-7791-45D3-88AD-4C9DF5990984}.Debug|iPhoneSimulator.ActiveCfg = Debug|Any CPU
		{EAE955A5-7791-45D3-88AD-4C9DF5990984}.Debug|iPhoneSimulator.Build.0 = Debug|Any CPU
		{EAE955A5-7791-45D3-88AD-4C9DF5990984}.Debug|iPhoneSimulator.Deploy.0 = Debug|Any CPU
		{EAE955A5-7791-45D3-88AD-4C9DF5990984}.Release|Any CPU.ActiveCfg = Release|Any CPU
		{EAE955A5-7791-45D3-88AD-4C9DF5990984}.Release|Any CPU.Build.0 = Release|Any CPU
		{EAE955A5-7791-45D3-88AD-4C9DF5990984}.Release|Any CPU.Deploy.0 = Release|Any CPU
		{EAE955A5-7791-45D3-88AD-4C9DF5990984}.Release|iPhone.ActiveCfg = Release|Any CPU
		{EAE955A5-7791-45D3-88AD-4C9DF5990984}.Release|iPhone.Build.0 = Release|Any CPU
		{EAE955A5-7791-45D3-88AD-4C9DF5990984}.Release|iPhone.Deploy.0 = Release|Any CPU
		{EAE955A5-7791-45D3-88AD-4C9DF5990984}.Release|iPhoneSimulator.ActiveCfg = Release|Any CPU
		{EAE955A5-7791-45D3-88AD-4C9DF5990984}.Release|iPhoneSimulator.Build.0 = Release|Any CPU
		{EAE955A5-7791-45D3-88AD-4C9DF5990984}.Release|iPhoneSimulator.Deploy.0 = Release|Any CPU
	EndGlobalSection
	GlobalSection(SolutionProperties) = preSolution
		HideSolutionNode = FALSE
	EndGlobalSection
	GlobalSection(ExtensibilityGlobals) = postSolution
		SolutionGuid = {2836BA38-D980-4169-B512-503E779FAC41}
	EndGlobalSection
EndGlobal
